<?xml version="1.0" encoding="utf-8"?>
<Project ToolsVersion="4.0" xmlns="http://schemas.microsoft.com/developer/msbuild/2003">
  <ItemGroup>
    <Filter Include="Source Files">
      <UniqueIdentifier>{4FC737F1-C7A5-4376-A066-2A32D752A2FF}</UniqueIdentifier>
      <Extensions>cpp;c;cc;cxx;def;odl;idl;hpj;bat;asm;asmx</Extensions>
    </Filter>
    <Filter Include="Header Files">
      <UniqueIdentifier>{93995380-89BD-4b04-88EB-625FBE52EBFB}</UniqueIdentifier>
      <Extensions>h;hh;hpp;hxx;hm;inl;inc;ipp;xsd</Extensions>
    </Filter>
    <Filter Include="Resource Files">
      <UniqueIdentifier>{67DA6AB6-F800-4c08-8B7A-83BB121AAD01}</UniqueIdentifier>
      <Extensions>rc;ico;cur;bmp;dlg;rc2;rct;bin;rgs;gif;jpg;jpeg;jpe;resx;tiff;tif;png;wav;mfcribbon-ms</Extensions>
    </Filter>
  </ItemGroup>
  <ItemGroup>
    <ClCompile Include="main.cpp">
      <Filter>Source Files</Filter>
    </ClCompile>
    <ClCompile Include="bullet.cpp">
      <Filter>Source Files</Filter>
    </ClCompile>
    <ClCompile Include="collisionhandler.cpp">
      <Filter>Source Files</Filter>
    </ClCompile>
    <ClCompile Include="colorvalueholder.cpp">
      <Filter>Source Files</Filter>
    </ClCompile>
    <ClCompile Include="emptylevel.cpp">
      <Filter>Source Files</Filter>
    </ClCompile>
    <ClCompile Include="leveleffect.cpp">
      <Filter>Source Files</Filter>
    </ClCompile>
    <ClCompile Include="powersquare.cpp">
      <Filter>Source Files</Filter>
    </ClCompile>
    <ClCompile Include="resetthings.cpp">
      <Filter>Source Files</Filter>
    </ClCompile>
    <ClCompile Include="tank.cpp">
      <Filter>Source Files</Filter>
    </ClCompile>
    <ClCompile Include="wall.cpp">
      <Filter>Source Files</Filter>
    </ClCompile>
    <ClCompile Include="constants.cpp">
      <Filter>Source Files</Filter>
    </ClCompile>
    <ClCompile Include="colormixer.cpp">
      <Filter>Source Files</Filter>
    </ClCompile>
    <ClCompile Include="powerfunctionhelper.cpp">
      <Filter>Source Files</Filter>
    </ClCompile>
    <ClCompile Include="speedpower.cpp">
      <Filter>Source Files</Filter>
    </ClCompile>
    <ClCompile Include="wallhackpower.cpp">
      <Filter>Source Files</Filter>
    </ClCompile>
    <ClCompile Include="multishotpower.cpp">
      <Filter>Source Files</Filter>
    </ClCompile>
    <ClCompile Include="bouncepower.cpp">
      <Filter>Source Files</Filter>
    </ClCompile>
    <ClCompile Include="homingpower.cpp">
      <Filter>Source Files</Filter>
    </ClCompile>
    <ClCompile Include="triplepower.cpp">
      <Filter>Source Files</Filter>
    </ClCompile>
    <ClCompile Include="mylib.cpp">
      <Filter>Source Files</Filter>
    </ClCompile>
    <ClCompile Include="indexbuffer.cpp">
      <Filter>Source Files</Filter>
    </ClCompile>
    <ClCompile Include="renderer.cpp">
      <Filter>Source Files</Filter>
    </ClCompile>
    <ClCompile Include="vertexbuffer.cpp">
      <Filter>Source Files</Filter>
    </ClCompile>
    <ClCompile Include="vertexarray.cpp">
      <Filter>Source Files</Filter>
    </ClCompile>
    <ClCompile Include="shader.cpp">
      <Filter>Source Files</Filter>
    </ClCompile>
    <ClCompile Include="diagnostics.cpp">
      <Filter>Source Files</Filter>
    </ClCompile>
    <ClCompile Include="backgroundrect.cpp">
      <Filter>Source Files</Filter>
    </ClCompile>
    <ClCompile Include="invinciblenamedpower.cpp">
      <Filter>Source Files</Filter>
    </ClCompile>
    <ClCompile Include="bignamedpower.cpp">
      <Filter>Source Files</Filter>
    </ClCompile>
    <ClCompile Include="megadeathpower.cpp">
      <Filter>Source Files</Filter>
    </ClCompile>
    <ClCompile Include="grenadepower.cpp">
      <Filter>Source Files</Filter>
    </ClCompile>
    <ClCompile Include="corridorlevel.cpp">
      <Filter>Source Files</Filter>
    </ClCompile>
    <ClCompile Include="firenamedpower.cpp">
      <Filter>Source Files</Filter>
    </ClCompile>
    <ClCompile Include="blastpower.cpp">
      <Filter>Source Files</Filter>
    </ClCompile>
    <ClCompile Include="bigfunlevel.cpp">
      <Filter>Source Files</Filter>
    </ClCompile>
    <ClCompile Include="circlehazard.cpp">
      <Filter>Source Files</Filter>
    </ClCompile>
    <ClCompile Include="recthazard.cpp">
      <Filter>Source Files</Filter>
    </ClCompile>
    <ClCompile Include="stationaryturret.cpp">
      <Filter>Source Files</Filter>
    </ClCompile>
    <ClCompile Include="bulletmanager.cpp">
      <Filter>Source Files</Filter>
    </ClCompile>
    <ClCompile Include="powerupmanager.cpp">
      <Filter>Source Files</Filter>
    </ClCompile>
    <ClCompile Include="wallmanager.cpp">
      <Filter>Source Files</Filter>
    </ClCompile>
    <ClCompile Include="hazardmanager.cpp">
      <Filter>Source Files</Filter>
    </ClCompile>
    <ClCompile Include="developerlevel0.cpp">
      <Filter>Source Files</Filter>
    </ClCompile>
    <ClCompile Include="randomlevel.cpp">
      <Filter>Source Files</Filter>
    </ClCompile>
    <ClCompile Include="levelmanager.cpp">
      <Filter>Source Files</Filter>
    </ClCompile>
    <ClCompile Include="keypressmanager.cpp">
      <Filter>Source Files</Filter>
    </ClCompile>
    <ClCompile Include="tankmanager.cpp">
      <Filter>Source Files</Filter>
    </ClCompile>
    <ClCompile Include="defaultrandomlevel.cpp">
      <Filter>Source Files</Filter>
    </ClCompile>
    <ClCompile Include="developermanager.cpp">
      <Filter>Source Files</Filter>
    </ClCompile>
    <ClCompile Include="horizontallightning.cpp">
      <Filter>Source Files</Filter>
    </ClCompile>
    <ClCompile Include="developerlevel1.cpp">
      <Filter>Source Files</Filter>
    </ClCompile>
    <ClCompile Include="priorityhandler.cpp">
      <Filter>Source Files</Filter>
    </ClCompile>
    <ClCompile Include="devlonginvinciblenamedpower.cpp">
      <Filter>Source Files</Filter>
    </ClCompile>
    <ClCompile Include="gamemanager.cpp">
      <Filter>Source Files</Filter>
    </ClCompile>
    <ClCompile Include="circularlava.cpp">
      <Filter>Source Files</Filter>
    </ClCompile>
    <ClCompile Include="generalizedlava.cpp">
      <Filter>Source Files</Filter>
    </ClCompile>
    <ClCompile Include="rectangularlava.cpp">
      <Filter>Source Files</Filter>
    </ClCompile>
    <ClCompile Include="fewobstacleslevel.cpp">
      <Filter>Source Files</Filter>
    </ClCompile>
    <ClCompile Include="concealedpowerupslevel.cpp">
      <Filter>Source Files</Filter>
    </ClCompile>
    <ClCompile Include="bananapower.cpp">
      <Filter>Source Files</Filter>
    </ClCompile>
    <ClCompile Include="developerlevel2.cpp">
      <Filter>Source Files</Filter>
    </ClCompile>
    <ClCompile Include="oldemptylevel.cpp">
      <Filter>Source Files</Filter>
    </ClCompile>
    <ClCompile Include="level.cpp">
      <Filter>Source Files</Filter>
    </ClCompile>
    <ClCompile Include="power.cpp">
      <Filter>Source Files</Filter>
    </ClCompile>
    <ClCompile Include="oldbouncepower.cpp">
      <Filter>Source Files</Filter>
    </ClCompile>
    <ClCompile Include="oldbignamedpower.cpp">
      <Filter>Source Files</Filter>
    </ClCompile>
    <ClCompile Include="rectangularlightning.cpp">
      <Filter>Source Files</Filter>
    </ClCompile>
    <ClCompile Include="circularlightning.cpp">
      <Filter>Source Files</Filter>
    </ClCompile>
    <ClCompile Include="generalizedlightning.cpp">
      <Filter>Source Files</Filter>
    </ClCompile>
    <ClCompile Include="verticallightning.cpp">
      <Filter>Source Files</Filter>
    </ClCompile>
    <ClCompile Include="inversionpower.cpp">
      <Filter>Source Files</Filter>
    </ClCompile>
    <ClCompile Include="godmodepower.cpp">
      <Filter>Source Files</Filter>
    </ClCompile>
    <ClCompile Include="hazard.cpp">
      <Filter>Source Files</Filter>
    </ClCompile>
    <ClCompile Include="endgamehandler.cpp">
      <Filter>Source Files</Filter>
    </ClCompile>
    <ClCompile Include="circularnobulletzone.cpp">
      <Filter>Source Files</Filter>
    </ClCompile>
    <ClCompile Include="generalizednobulletzone.cpp">
      <Filter>Source Files</Filter>
    </ClCompile>
    <ClCompile Include="rectangularnobulletzone.cpp">
      <Filter>Source Files</Filter>
    </ClCompile>
    <ClCompile Include="manyhazardslevel.cpp">
      <Filter>Source Files</Filter>
    </ClCompile>
    <ClCompile Include="targetingturret.cpp">
      <Filter>Source Files</Filter>
    </ClCompile>
    <ClCompile Include="minespower.cpp">
      <Filter>Source Files</Filter>
    </ClCompile>
    <ClCompile Include="shotgunpower.cpp">
      <Filter>Source Files</Filter>
    </ClCompile>
    <ClCompile Include="trackingpower.cpp">
      <Filter>Source Files</Filter>
    </ClCompile>
    <ClCompile Include="hidingplaceslevel.cpp">
      <Filter>Source Files</Filter>
    </ClCompile>
    <ClCompile Include="openglrenderingcontext.cpp">
      <Filter>Source Files</Filter>
    </ClCompile>
    <ClCompile Include="openglvertexbuffer.cpp">
      <Filter>Source Files</Filter>
    </ClCompile>
    <ClCompile Include="openglvertexarray.cpp">
      <Filter>Source Files</Filter>
    </ClCompile>
    <ClCompile Include="openglindexbuffer.cpp">
      <Filter>Source Files</Filter>
    </ClCompile>
    <ClCompile Include="rng.cpp">
      <Filter>Source Files</Filter>
    </ClCompile>
    <ClCompile Include="simplevector2d.cpp">
      <Filter>Source Files</Filter>
    </ClCompile>
    <ClCompile Include="barrierpower.cpp">
      <Filter>Source Files</Filter>
    </ClCompile>
    <ClCompile Include="gamemainloop.cpp">
      <Filter>Source Files</Filter>
    </ClCompile>
    <ClCompile Include="shieldpower.cpp">
      <Filter>Source Files</Filter>
    </ClCompile>
    <ClCompile Include="devannoyingpower.cpp">
      <Filter>Source Files</Filter>
    </ClCompile>
    <ClCompile Include="sneakyrewardlevel.cpp">
      <Filter>Source Files</Filter>
    </ClCompile>
    <ClCompile Include="lightningcornerslevel.cpp">
      <Filter>Source Files</Filter>
    </ClCompile>
    <ClCompile Include="loneturretlevel.cpp">
      <Filter>Source Files</Filter>
    </ClCompile>
    <ClCompile Include="windleveleffect.cpp">
      <Filter>Source Files</Filter>
    </ClCompile>
    <ClCompile Include="trickymaneuveringlevel.cpp">
      <Filter>Source Files</Filter>
    </ClCompile>
    <ClCompile Include="respawningpowerupsleveleffect.cpp">
      <Filter>Source Files</Filter>
    </ClCompile>
    <ClCompile Include="mineheavenlevel.cpp">
      <Filter>Source Files</Filter>
    </ClCompile>
    <ClCompile Include="minefieldleveleffect.cpp">
      <Filter>Source Files</Filter>
    </ClCompile>
    <ClCompile Include="iceleveleffect.cpp">
      <Filter>Source Files</Filter>
    </ClCompile>
    <ClCompile Include="oldminespower.cpp">
      <Filter>Source Files</Filter>
    </ClCompile>
    <ClCompile Include="winningpathlevel.cpp">
      <Filter>Source Files</Filter>
    </ClCompile>
    <ClCompile Include="invisiblewallsleveleffect.cpp">
      <Filter>Source Files</Filter>
    </ClCompile>
  </ItemGroup>
  <ItemGroup>
    <ClInclude Include="bullet.h">
      <Filter>Header Files</Filter>
    </ClInclude>
    <ClInclude Include="bulletpower.h">
      <Filter>Header Files</Filter>
    </ClInclude>
    <ClInclude Include="circle.h">
      <Filter>Header Files</Filter>
    </ClInclude>
    <ClInclude Include="collisionhandler.h">
      <Filter>Header Files</Filter>
    </ClInclude>
    <ClInclude Include="colormixer.h">
      <Filter>Header Files</Filter>
    </ClInclude>
    <ClInclude Include="colorvalueholder.h">
      <Filter>Header Files</Filter>
    </ClInclude>
    <ClInclude Include="constants.h">
      <Filter>Header Files</Filter>
    </ClInclude>
    <ClInclude Include="emptylevel.h">
      <Filter>Header Files</Filter>
    </ClInclude>
    <ClInclude Include="hazard.h">
      <Filter>Header Files</Filter>
    </ClInclude>
    <ClInclude Include="level.h">
      <Filter>Header Files</Filter>
    </ClInclude>
    <ClInclude Include="leveleffect.h">
      <Filter>Header Files</Filter>
    </ClInclude>
    <ClInclude Include="power.h">
      <Filter>Header Files</Filter>
    </ClInclude>
    <ClInclude Include="powersquare.h">
      <Filter>Header Files</Filter>
    </ClInclude>
    <ClInclude Include="rect.h">
      <Filter>Header Files</Filter>
    </ClInclude>
    <ClInclude Include="resetthings.h">
      <Filter>Header Files</Filter>
    </ClInclude>
    <ClInclude Include="speedpower.h">
      <Filter>Header Files</Filter>
    </ClInclude>
    <ClInclude Include="tank.h">
      <Filter>Header Files</Filter>
    </ClInclude>
    <ClInclude Include="tankpower.h">
      <Filter>Header Files</Filter>
    </ClInclude>
    <ClInclude Include="wall.h">
      <Filter>Header Files</Filter>
    </ClInclude>
    <ClInclude Include="inheritedpowercommon.h">
      <Filter>Header Files</Filter>
    </ClInclude>
    <ClInclude Include="powerfunctionhelper.h">
      <Filter>Header Files</Filter>
    </ClInclude>
    <ClInclude Include="wallhackpower.h">
      <Filter>Header Files</Filter>
    </ClInclude>
    <ClInclude Include="cannonpoint.h">
      <Filter>Header Files</Filter>
    </ClInclude>
    <ClInclude Include="multishotpower.h">
      <Filter>Header Files</Filter>
    </ClInclude>
    <ClInclude Include="bouncepower.h">
      <Filter>Header Files</Filter>
    </ClInclude>
    <ClInclude Include="homingpower.h">
      <Filter>Header Files</Filter>
    </ClInclude>
    <ClInclude Include="triplepower.h">
      <Filter>Header Files</Filter>
    </ClInclude>
    <ClInclude Include="mylib.h">
      <Filter>Header Files</Filter>
    </ClInclude>
    <ClInclude Include="indexbuffer.h">
      <Filter>Header Files</Filter>
    </ClInclude>
    <ClInclude Include="renderer.h">
      <Filter>Header Files</Filter>
    </ClInclude>
    <ClInclude Include="vertexbuffer.h">
      <Filter>Header Files</Filter>
    </ClInclude>
    <ClInclude Include="vertexarray.h">
      <Filter>Header Files</Filter>
    </ClInclude>
    <ClInclude Include="vertexbufferlayout.h">
      <Filter>Header Files</Filter>
    </ClInclude>
    <ClInclude Include="shader.h">
      <Filter>Header Files</Filter>
    </ClInclude>
    <ClInclude Include="res\vendor\glm\glm.hpp">
      <Filter>Header Files</Filter>
    </ClInclude>
    <ClInclude Include="res\vendor\glm\gtc\matrix_transform.hpp">
      <Filter>Header Files</Filter>
    </ClInclude>
    <ClInclude Include="diagnostics.h">
      <Filter>Header Files</Filter>
    </ClInclude>
    <ClInclude Include="backgroundrect.h">
      <Filter>Header Files</Filter>
    </ClInclude>
    <ClInclude Include="res\vendor\glm\gtx\transform.hpp">
      <Filter>Header Files</Filter>
    </ClInclude>
    <ClInclude Include="invinciblenamedpower.h">
      <Filter>Header Files</Filter>
    </ClInclude>
    <ClInclude Include="bignamedpower.h">
      <Filter>Header Files</Filter>
    </ClInclude>
    <ClInclude Include="megadeathpower.h">
      <Filter>Header Files</Filter>
    </ClInclude>
    <ClInclude Include="grenadepower.h">
      <Filter>Header Files</Filter>
    </ClInclude>
    <ClInclude Include="corridorlevel.h">
      <Filter>Header Files</Filter>
    </ClInclude>
    <ClInclude Include="firenamedpower.h">
      <Filter>Header Files</Filter>
    </ClInclude>
    <ClInclude Include="blastpower.h">
      <Filter>Header Files</Filter>
    </ClInclude>
    <ClInclude Include="bigfunlevel.h">
      <Filter>Header Files</Filter>
    </ClInclude>
    <ClInclude Include="circlehazard.h">
      <Filter>Header Files</Filter>
    </ClInclude>
    <ClInclude Include="recthazard.h">
      <Filter>Header Files</Filter>
    </ClInclude>
    <ClInclude Include="stationaryturret.h">
      <Filter>Header Files</Filter>
    </ClInclude>
    <ClInclude Include="bulletmanager.h">
      <Filter>Header Files</Filter>
    </ClInclude>
    <ClInclude Include="powerupmanager.h">
      <Filter>Header Files</Filter>
    </ClInclude>
    <ClInclude Include="wallmanager.h">
      <Filter>Header Files</Filter>
    </ClInclude>
    <ClInclude Include="hazardmanager.h">
      <Filter>Header Files</Filter>
    </ClInclude>
    <ClInclude Include="developerlevel0.h">
      <Filter>Header Files</Filter>
    </ClInclude>
    <ClInclude Include="randomlevel.h">
      <Filter>Header Files</Filter>
    </ClInclude>
    <ClInclude Include="levelmanager.h">
      <Filter>Header Files</Filter>
    </ClInclude>
    <ClInclude Include="keypressmanager.h">
      <Filter>Header Files</Filter>
    </ClInclude>
    <ClInclude Include="tankmanager.h">
      <Filter>Header Files</Filter>
    </ClInclude>
    <ClInclude Include="defaultrandomlevel.h">
      <Filter>Header Files</Filter>
    </ClInclude>
    <ClInclude Include="developermanager.h">
      <Filter>Header Files</Filter>
    </ClInclude>
    <ClInclude Include="horizontallightning.h">
      <Filter>Header Files</Filter>
    </ClInclude>
    <ClInclude Include="developerlevel1.h">
      <Filter>Header Files</Filter>
    </ClInclude>
    <ClInclude Include="priorityhandler.h">
      <Filter>Header Files</Filter>
    </ClInclude>
    <ClInclude Include="devlonginvinciblenamedpower.h">
      <Filter>Header Files</Filter>
    </ClInclude>
    <ClInclude Include="point.h">
      <Filter>Header Files</Filter>
    </ClInclude>
    <ClInclude Include="gamemanager.h">
      <Filter>Header Files</Filter>
    </ClInclude>
    <ClInclude Include="gamething.h">
      <Filter>Header Files</Filter>
    </ClInclude>
    <ClInclude Include="circularlava.h">
      <Filter>Header Files</Filter>
    </ClInclude>
    <ClInclude Include="generalizedlava.h">
      <Filter>Header Files</Filter>
    </ClInclude>
    <ClInclude Include="rectangularlava.h">
      <Filter>Header Files</Filter>
    </ClInclude>
    <ClInclude Include="fewobstacleslevel.h">
      <Filter>Header Files</Filter>
    </ClInclude>
    <ClInclude Include="positionholder.h">
      <Filter>Header Files</Filter>
    </ClInclude>
    <ClInclude Include="concealedpowerupslevel.h">
      <Filter>Header Files</Filter>
    </ClInclude>
    <ClInclude Include="bananapower.h">
      <Filter>Header Files</Filter>
    </ClInclude>
    <ClInclude Include="developerlevel2.h">
      <Filter>Header Files</Filter>
    </ClInclude>
    <ClInclude Include="oldemptylevel.h">
      <Filter>Header Files</Filter>
    </ClInclude>
    <ClInclude Include="oldbouncepower.h">
      <Filter>Header Files</Filter>
    </ClInclude>
    <ClInclude Include="oldbignamedpower.h">
      <Filter>Header Files</Filter>
    </ClInclude>
    <ClInclude Include="rectangularlightning.h">
      <Filter>Header Files</Filter>
    </ClInclude>
    <ClInclude Include="circularlightning.h">
      <Filter>Header Files</Filter>
    </ClInclude>
    <ClInclude Include="generalizedlightning.h">
      <Filter>Header Files</Filter>
    </ClInclude>
    <ClInclude Include="verticallightning.h">
      <Filter>Header Files</Filter>
    </ClInclude>
    <ClInclude Include="inversionpower.h">
      <Filter>Header Files</Filter>
    </ClInclude>
    <ClInclude Include="godmodepower.h">
      <Filter>Header Files</Filter>
    </ClInclude>
    <ClInclude Include="endgamehandler.h">
      <Filter>Header Files</Filter>
    </ClInclude>
    <ClInclude Include="circularnobulletzone.h">
      <Filter>Header Files</Filter>
    </ClInclude>
    <ClInclude Include="generalizednobulletzone.h">
      <Filter>Header Files</Filter>
    </ClInclude>
    <ClInclude Include="rectangularnobulletzone.h">
      <Filter>Header Files</Filter>
    </ClInclude>
    <ClInclude Include="manyhazardslevel.h">
      <Filter>Header Files</Filter>
    </ClInclude>
    <ClInclude Include="targetingturret.h">
      <Filter>Header Files</Filter>
    </ClInclude>
    <ClInclude Include="interactionboolholder.h">
      <Filter>Header Files</Filter>
    </ClInclude>
    <ClInclude Include="minespower.h">
      <Filter>Header Files</Filter>
    </ClInclude>
    <ClInclude Include="shotgunpower.h">
      <Filter>Header Files</Filter>
    </ClInclude>
    <ClInclude Include="trackingpower.h">
      <Filter>Header Files</Filter>
    </ClInclude>
    <ClInclude Include="hidingplaceslevel.h">
      <Filter>Header Files</Filter>
    </ClInclude>
    <ClInclude Include="drawablething.h">
      <Filter>Header Files</Filter>
    </ClInclude>
    <ClInclude Include="renderingcontext.h">
      <Filter>Header Files</Filter>
    </ClInclude>
    <ClInclude Include="openglrenderingcontext.h">
      <Filter>Header Files</Filter>
    </ClInclude>
    <ClInclude Include="softwarerenderingcontext.h">
      <Filter>Header Files</Filter>
    </ClInclude>
    <ClInclude Include="nullrenderingcontext.h">
      <Filter>Header Files</Filter>
    </ClInclude>
    <ClInclude Include="openglvertexbuffer.h">
      <Filter>Header Files</Filter>
    </ClInclude>
    <ClInclude Include="openglvertexarray.h">
      <Filter>Header Files</Filter>
    </ClInclude>
    <ClInclude Include="openglindexbuffer.h">
      <Filter>Header Files</Filter>
    </ClInclude>
    <ClInclude Include="rng.h">
      <Filter>Header Files</Filter>
    </ClInclude>
    <ClInclude Include="simplevector2d.h">
      <Filter>Header Files</Filter>
    </ClInclude>
    <ClInclude Include="barrierpower.h">
      <Filter>Header Files</Filter>
    </ClInclude>
    <ClInclude Include="gamemainloop.h">
      <Filter>Header Files</Filter>
    </ClInclude>
    <ClInclude Include="shieldpower.h">
      <Filter>Header Files</Filter>
    </ClInclude>
    <ClInclude Include="devannoyingpower.h">
      <Filter>Header Files</Filter>
    </ClInclude>
    <ClInclude Include="sneakyrewardlevel.h">
      <Filter>Header Files</Filter>
    </ClInclude>
    <ClInclude Include="lightningcornerslevel.h">
      <Filter>Header Files</Filter>
    </ClInclude>
    <ClInclude Include="loneturretlevel.h">
      <Filter>Header Files</Filter>
    </ClInclude>
    <ClInclude Include="windleveleffect.h">
      <Filter>Header Files</Filter>
    </ClInclude>
    <ClInclude Include="trickymaneuveringlevel.h">
      <Filter>Header Files</Filter>
    </ClInclude>
    <ClInclude Include="respawningpowerupsleveleffect.h">
      <Filter>Header Files</Filter>
    </ClInclude>
    <ClInclude Include="mineheavenlevel.h">
      <Filter>Header Files</Filter>
    </ClInclude>
    <ClInclude Include="minefieldleveleffect.h">
      <Filter>Header Files</Filter>
    </ClInclude>
    <ClInclude Include="iceleveleffect.h">
      <Filter>Header Files</Filter>
    </ClInclude>
    <ClInclude Include="oldminespower.h">
      <Filter>Header Files</Filter>
    </ClInclude>
    <ClInclude Include="winningpathlevel.h">
      <Filter>Header Files</Filter>
    </ClInclude>
    <ClInclude Include="invisiblewallsleveleffect.h">
      <Filter>Header Files</Filter>
    </ClInclude>
  </ItemGroup>
  <ItemGroup>
    <None Include="freeglut.dll" />
    <None Include="glew32.dll" />
    <None Include="res\shaders\default-fragment.shader" />
    <None Include="res\shaders\default-vertex.shader" />
    <None Include="res\shaders\main-fragment.shader" />
    <None Include="res\shaders\main-vertex.shader" />
  </ItemGroup>
</Project>