<?xml version="1.0" encoding="utf-8"?>
<Project ToolsVersion="4.0" xmlns="http://schemas.microsoft.com/developer/msbuild/2003">
  <ItemGroup>
    <Filter Include="Source Files">
      <UniqueIdentifier>{4FC737F1-C7A5-4376-A066-2A32D752A2FF}</UniqueIdentifier>
      <Extensions>cpp;c;cc;cxx;def;odl;idl;hpj;bat;asm;asmx</Extensions>
    </Filter>
    <Filter Include="Header Files">
      <UniqueIdentifier>{93995380-89BD-4b04-88EB-625FBE52EBFB}</UniqueIdentifier>
      <Extensions>h;hh;hpp;hxx;hm;inl;inc;ipp;xsd</Extensions>
    </Filter>
    <Filter Include="Resource Files">
      <UniqueIdentifier>{67DA6AB6-F800-4c08-8B7A-83BB121AAD01}</UniqueIdentifier>
      <Extensions>rc;ico;cur;bmp;dlg;rc2;rct;bin;rgs;gif;jpg;jpeg;jpe;resx;tiff;tif;png;wav;mfcribbon-ms</Extensions>
    </Filter>
  </ItemGroup>
  <ItemGroup>
    <ClCompile Include="main.cpp">
      <Filter>Source Files</Filter>
    </ClCompile>
    <ClCompile Include="bullet.cpp">
      <Filter>Source Files</Filter>
    </ClCompile>
    <ClCompile Include="collision-handler.cpp">
      <Filter>Source Files</Filter>
    </ClCompile>
    <ClCompile Include="color-value-holder.cpp">
      <Filter>Source Files</Filter>
    </ClCompile>
    <ClCompile Include="empty-level.cpp">
      <Filter>Source Files</Filter>
    </ClCompile>
    <ClCompile Include="level-effect.cpp">
      <Filter>Source Files</Filter>
    </ClCompile>
    <ClCompile Include="power-square.cpp">
      <Filter>Source Files</Filter>
    </ClCompile>
    <ClCompile Include="reset-things.cpp">
      <Filter>Source Files</Filter>
    </ClCompile>
    <ClCompile Include="tank.cpp">
      <Filter>Source Files</Filter>
    </ClCompile>
    <ClCompile Include="wall.cpp">
      <Filter>Source Files</Filter>
    </ClCompile>
    <ClCompile Include="constants.cpp">
      <Filter>Source Files</Filter>
    </ClCompile>
    <ClCompile Include="color-mixer.cpp">
      <Filter>Source Files</Filter>
    </ClCompile>
    <ClCompile Include="power-function-helper.cpp">
      <Filter>Source Files</Filter>
    </ClCompile>
    <ClCompile Include="speed-power.cpp">
      <Filter>Source Files</Filter>
    </ClCompile>
    <ClCompile Include="wallhack-power.cpp">
      <Filter>Source Files</Filter>
    </ClCompile>
    <ClCompile Include="multishot-power.cpp">
      <Filter>Source Files</Filter>
    </ClCompile>
    <ClCompile Include="bounce-power.cpp">
      <Filter>Source Files</Filter>
    </ClCompile>
    <ClCompile Include="homing-power.cpp">
      <Filter>Source Files</Filter>
    </ClCompile>
    <ClCompile Include="triple-named-power.cpp">
      <Filter>Source Files</Filter>
    </ClCompile>
    <ClCompile Include="mylib.cpp">
      <Filter>Source Files</Filter>
    </ClCompile>
    <ClCompile Include="index-buffer.cpp">
      <Filter>Source Files</Filter>
    </ClCompile>
    <ClCompile Include="renderer.cpp">
      <Filter>Source Files</Filter>
    </ClCompile>
    <ClCompile Include="vertex-buffer.cpp">
      <Filter>Source Files</Filter>
    </ClCompile>
    <ClCompile Include="vertex-array.cpp">
      <Filter>Source Files</Filter>
    </ClCompile>
    <ClCompile Include="shader.cpp">
      <Filter>Source Files</Filter>
    </ClCompile>
    <ClCompile Include="diagnostics.cpp">
      <Filter>Source Files</Filter>
    </ClCompile>
    <ClCompile Include="background-rect.cpp">
      <Filter>Source Files</Filter>
    </ClCompile>
    <ClCompile Include="invincible-named-power.cpp">
      <Filter>Source Files</Filter>
    </ClCompile>
    <ClCompile Include="big-named-power.cpp">
      <Filter>Source Files</Filter>
    </ClCompile>
    <ClCompile Include="mega-death-power.cpp">
      <Filter>Source Files</Filter>
    </ClCompile>
    <ClCompile Include="grenade-power.cpp">
      <Filter>Source Files</Filter>
    </ClCompile>
    <ClCompile Include="corridor-level.cpp">
      <Filter>Source Files</Filter>
    </ClCompile>
    <ClCompile Include="fire-named-power.cpp">
      <Filter>Source Files</Filter>
    </ClCompile>
    <ClCompile Include="blast-power.cpp">
      <Filter>Source Files</Filter>
    </ClCompile>
    <ClCompile Include="big-fun-level.cpp">
      <Filter>Source Files</Filter>
    </ClCompile>
    <ClCompile Include="circle-hazard.cpp">
      <Filter>Source Files</Filter>
    </ClCompile>
    <ClCompile Include="rect-hazard.cpp">
      <Filter>Source Files</Filter>
    </ClCompile>
    <ClCompile Include="stationary-turret-hazard.cpp">
      <Filter>Source Files</Filter>
    </ClCompile>
    <ClCompile Include="bullet-manager.cpp">
      <Filter>Source Files</Filter>
    </ClCompile>
    <ClCompile Include="powerup-manager.cpp">
      <Filter>Source Files</Filter>
    </ClCompile>
    <ClCompile Include="wall-manager.cpp">
      <Filter>Source Files</Filter>
    </ClCompile>
    <ClCompile Include="hazard-manager.cpp">
      <Filter>Source Files</Filter>
    </ClCompile>
    <ClCompile Include="developer-level-0.cpp">
      <Filter>Source Files</Filter>
    </ClCompile>
    <ClCompile Include="random-level.cpp">
      <Filter>Source Files</Filter>
    </ClCompile>
    <ClCompile Include="level-manager.cpp">
      <Filter>Source Files</Filter>
    </ClCompile>
    <ClCompile Include="keypress-manager.cpp">
      <Filter>Source Files</Filter>
    </ClCompile>
    <ClCompile Include="tank-manager.cpp">
      <Filter>Source Files</Filter>
    </ClCompile>
    <ClCompile Include="default-random-level.cpp">
      <Filter>Source Files</Filter>
    </ClCompile>
    <ClCompile Include="developer-manager.cpp">
      <Filter>Source Files</Filter>
    </ClCompile>
    <ClCompile Include="horizontal-lightning-hazard.cpp">
      <Filter>Source Files</Filter>
    </ClCompile>
    <ClCompile Include="developer-level-1.cpp">
      <Filter>Source Files</Filter>
    </ClCompile>
    <ClCompile Include="priority-handler.cpp">
      <Filter>Source Files</Filter>
    </ClCompile>
    <ClCompile Include="dev-long-invincible-named-power.cpp">
      <Filter>Source Files</Filter>
    </ClCompile>
    <ClCompile Include="game-manager.cpp">
      <Filter>Source Files</Filter>
    </ClCompile>
    <ClCompile Include="circular-lava-hazard.cpp">
      <Filter>Source Files</Filter>
    </ClCompile>
    <ClCompile Include="generalized-lava.cpp">
      <Filter>Source Files</Filter>
    </ClCompile>
    <ClCompile Include="rectangular-lava-hazard.cpp">
      <Filter>Source Files</Filter>
    </ClCompile>
    <ClCompile Include="few-obstacles-level.cpp">
      <Filter>Source Files</Filter>
    </ClCompile>
    <ClCompile Include="concealed-powerups-level.cpp">
      <Filter>Source Files</Filter>
    </ClCompile>
    <ClCompile Include="banana-power.cpp">
      <Filter>Source Files</Filter>
    </ClCompile>
    <ClCompile Include="developer-level-2.cpp">
      <Filter>Source Files</Filter>
    </ClCompile>
    <ClCompile Include="old-empty-level.cpp">
      <Filter>Source Files</Filter>
    </ClCompile>
    <ClCompile Include="level.cpp">
      <Filter>Source Files</Filter>
    </ClCompile>
    <ClCompile Include="power.cpp">
      <Filter>Source Files</Filter>
    </ClCompile>
    <ClCompile Include="old-bounce-power.cpp">
      <Filter>Source Files</Filter>
    </ClCompile>
    <ClCompile Include="old-big-named-power.cpp">
      <Filter>Source Files</Filter>
    </ClCompile>
    <ClCompile Include="rectangular-lightning-hazard.cpp">
      <Filter>Source Files</Filter>
    </ClCompile>
    <ClCompile Include="circular-lightning-hazard.cpp">
      <Filter>Source Files</Filter>
    </ClCompile>
    <ClCompile Include="generalized-lightning.cpp">
      <Filter>Source Files</Filter>
    </ClCompile>
    <ClCompile Include="vertical-lightning-hazard.cpp">
      <Filter>Source Files</Filter>
    </ClCompile>
    <ClCompile Include="inversion-power.cpp">
      <Filter>Source Files</Filter>
    </ClCompile>
    <ClCompile Include="god-mode-power.cpp">
      <Filter>Source Files</Filter>
    </ClCompile>
    <ClCompile Include="hazard.cpp">
      <Filter>Source Files</Filter>
    </ClCompile>
    <ClCompile Include="end-game-handler.cpp">
      <Filter>Source Files</Filter>
    </ClCompile>
    <ClCompile Include="circular-no-bullet-zone-hazard.cpp">
      <Filter>Source Files</Filter>
    </ClCompile>
    <ClCompile Include="generalized-no-bullet-zone.cpp">
      <Filter>Source Files</Filter>
    </ClCompile>
    <ClCompile Include="rectangular-no-bullet-zone-hazard.cpp">
      <Filter>Source Files</Filter>
    </ClCompile>
    <ClCompile Include="many-hazards-level.cpp">
      <Filter>Source Files</Filter>
    </ClCompile>
    <ClCompile Include="targeting-turret-hazard.cpp">
      <Filter>Source Files</Filter>
    </ClCompile>
    <ClCompile Include="mines-power.cpp">
      <Filter>Source Files</Filter>
    </ClCompile>
    <ClCompile Include="shotgun-power.cpp">
      <Filter>Source Files</Filter>
    </ClCompile>
    <ClCompile Include="tracking-power.cpp">
      <Filter>Source Files</Filter>
    </ClCompile>
    <ClCompile Include="hiding-places-level.cpp">
      <Filter>Source Files</Filter>
    </ClCompile>
    <ClCompile Include="opengl-rendering-context.cpp">
      <Filter>Source Files</Filter>
    </ClCompile>
    <ClCompile Include="opengl-vertex-buffer.cpp">
      <Filter>Source Files</Filter>
    </ClCompile>
    <ClCompile Include="opengl-vertex-array.cpp">
      <Filter>Source Files</Filter>
    </ClCompile>
    <ClCompile Include="opengl-index-buffer.cpp">
      <Filter>Source Files</Filter>
    </ClCompile>
    <ClCompile Include="rng.cpp">
      <Filter>Source Files</Filter>
    </ClCompile>
    <ClCompile Include="simple-vector-2d.cpp">
      <Filter>Source Files</Filter>
    </ClCompile>
    <ClCompile Include="barrier-power.cpp">
      <Filter>Source Files</Filter>
    </ClCompile>
    <ClCompile Include="game-main-loop.cpp">
      <Filter>Source Files</Filter>
    </ClCompile>
    <ClCompile Include="shield-power.cpp">
      <Filter>Source Files</Filter>
    </ClCompile>
    <ClCompile Include="dev-annoying-power.cpp">
      <Filter>Source Files</Filter>
    </ClCompile>
    <ClCompile Include="sneaky-reward-level.cpp">
      <Filter>Source Files</Filter>
    </ClCompile>
    <ClCompile Include="lightning-corners-level.cpp">
      <Filter>Source Files</Filter>
    </ClCompile>
    <ClCompile Include="lone-turret-level.cpp">
      <Filter>Source Files</Filter>
    </ClCompile>
    <ClCompile Include="wind-level-effect.cpp">
      <Filter>Source Files</Filter>
    </ClCompile>
    <ClCompile Include="tricky-maneuvering-level.cpp">
      <Filter>Source Files</Filter>
    </ClCompile>
    <ClCompile Include="respawning-powerups-level-effect.cpp">
      <Filter>Source Files</Filter>
    </ClCompile>
    <ClCompile Include="mine-heaven-level.cpp">
      <Filter>Source Files</Filter>
    </ClCompile>
    <ClCompile Include="minefield-level-effect.cpp">
      <Filter>Source Files</Filter>
    </ClCompile>
    <ClCompile Include="ice-level-effect.cpp">
      <Filter>Source Files</Filter>
    </ClCompile>
    <ClCompile Include="old-mines-power.cpp">
      <Filter>Source Files</Filter>
    </ClCompile>
    <ClCompile Include="winning-path-level.cpp">
      <Filter>Source Files</Filter>
    </ClCompile>
    <ClCompile Include="invisible-walls-level-effect.cpp">
      <Filter>Source Files</Filter>
    </ClCompile>
    <ClCompile Include="ultra-bounce-power.cpp">
      <Filter>Source Files</Filter>
    </ClCompile>
    <ClCompile Include="dev-no-walls-level-1.cpp">
      <Filter>Source Files</Filter>
    </ClCompile>
    <ClCompile Include="timed-reward-level.cpp">
      <Filter>Source Files</Filter>
    </ClCompile>
    <ClCompile Include="unnamed-level-1.cpp">
      <Filter>Source Files</Filter>
    </ClCompile>
    <ClCompile Include="unnamed-level-2.cpp">
      <Filter>Source Files</Filter>
    </ClCompile>
    <ClCompile Include="dev-symmetric-tanks-level-effect.cpp">
      <Filter>Source Files</Filter>
    </ClCompile>
    <ClCompile Include="dev-color-changing-power.cpp">
      <Filter>Source Files</Filter>
    </ClCompile>
    <ClCompile Include="physics-handler.cpp">
      <Filter>Source Files</Filter>
    </ClCompile>
    <ClCompile Include="developer-level-3.cpp">
      <Filter>Source Files</Filter>
    </ClCompile>
    <ClCompile Include="dev-other-stuff-is-poison-power.cpp">
      <Filter>Source Files</Filter>
    </ClCompile>
  </ItemGroup>
  <ItemGroup>
    <ClInclude Include="bullet.h">
      <Filter>Header Files</Filter>
    </ClInclude>
    <ClInclude Include="bullet-power.h">
      <Filter>Header Files</Filter>
    </ClInclude>
    <ClInclude Include="circle.h">
      <Filter>Header Files</Filter>
    </ClInclude>
    <ClInclude Include="collision-handler.h">
      <Filter>Header Files</Filter>
    </ClInclude>
    <ClInclude Include="color-mixer.h">
      <Filter>Header Files</Filter>
    </ClInclude>
    <ClInclude Include="color-value-holder.h">
      <Filter>Header Files</Filter>
    </ClInclude>
    <ClInclude Include="constants.h">
      <Filter>Header Files</Filter>
    </ClInclude>
    <ClInclude Include="empty-level.h">
      <Filter>Header Files</Filter>
    </ClInclude>
    <ClInclude Include="hazard.h">
      <Filter>Header Files</Filter>
    </ClInclude>
    <ClInclude Include="level.h">
      <Filter>Header Files</Filter>
    </ClInclude>
    <ClInclude Include="level-effect.h">
      <Filter>Header Files</Filter>
    </ClInclude>
    <ClInclude Include="power.h">
      <Filter>Header Files</Filter>
    </ClInclude>
    <ClInclude Include="power-square.h">
      <Filter>Header Files</Filter>
    </ClInclude>
    <ClInclude Include="rect.h">
      <Filter>Header Files</Filter>
    </ClInclude>
    <ClInclude Include="reset-things.h">
      <Filter>Header Files</Filter>
    </ClInclude>
    <ClInclude Include="speed-power.h">
      <Filter>Header Files</Filter>
    </ClInclude>
    <ClInclude Include="tank.h">
      <Filter>Header Files</Filter>
    </ClInclude>
    <ClInclude Include="tank-power.h">
      <Filter>Header Files</Filter>
    </ClInclude>
    <ClInclude Include="wall.h">
      <Filter>Header Files</Filter>
    </ClInclude>
    <ClInclude Include="inherited-power-common.h">
      <Filter>Header Files</Filter>
    </ClInclude>
    <ClInclude Include="power-function-helper.h">
      <Filter>Header Files</Filter>
    </ClInclude>
    <ClInclude Include="wallhack-power.h">
      <Filter>Header Files</Filter>
    </ClInclude>
    <ClInclude Include="cannon-point.h">
      <Filter>Header Files</Filter>
    </ClInclude>
    <ClInclude Include="multishot-power.h">
      <Filter>Header Files</Filter>
    </ClInclude>
    <ClInclude Include="bounce-power.h">
      <Filter>Header Files</Filter>
    </ClInclude>
    <ClInclude Include="homing-power.h">
      <Filter>Header Files</Filter>
    </ClInclude>
    <ClInclude Include="triple-named-power.h">
      <Filter>Header Files</Filter>
    </ClInclude>
    <ClInclude Include="mylib.h">
      <Filter>Header Files</Filter>
    </ClInclude>
    <ClInclude Include="index-buffer.h">
      <Filter>Header Files</Filter>
    </ClInclude>
    <ClInclude Include="renderer.h">
      <Filter>Header Files</Filter>
    </ClInclude>
    <ClInclude Include="vertex-buffer.h">
      <Filter>Header Files</Filter>
    </ClInclude>
    <ClInclude Include="vertex-array.h">
      <Filter>Header Files</Filter>
    </ClInclude>
    <ClInclude Include="vertex-buffer-layout.h">
      <Filter>Header Files</Filter>
    </ClInclude>
    <ClInclude Include="shader.h">
      <Filter>Header Files</Filter>
    </ClInclude>
    <ClInclude Include="res\vendor\glm\glm.hpp">
      <Filter>Header Files</Filter>
    </ClInclude>
    <ClInclude Include="res\vendor\glm\gtc\matrix_transform.hpp">
      <Filter>Header Files</Filter>
    </ClInclude>
    <ClInclude Include="diagnostics.h">
      <Filter>Header Files</Filter>
    </ClInclude>
    <ClInclude Include="background-rect.h">
      <Filter>Header Files</Filter>
    </ClInclude>
    <ClInclude Include="res\vendor\glm\gtx\transform.hpp">
      <Filter>Header Files</Filter>
    </ClInclude>
    <ClInclude Include="invincible-named-power.h">
      <Filter>Header Files</Filter>
    </ClInclude>
    <ClInclude Include="big-named-power.h">
      <Filter>Header Files</Filter>
    </ClInclude>
    <ClInclude Include="mega-death-power.h">
      <Filter>Header Files</Filter>
    </ClInclude>
    <ClInclude Include="grenade-power.h">
      <Filter>Header Files</Filter>
    </ClInclude>
    <ClInclude Include="corridor-level.h">
      <Filter>Header Files</Filter>
    </ClInclude>
    <ClInclude Include="fire-named-power.h">
      <Filter>Header Files</Filter>
    </ClInclude>
    <ClInclude Include="blast-power.h">
      <Filter>Header Files</Filter>
    </ClInclude>
    <ClInclude Include="big-fun-level.h">
      <Filter>Header Files</Filter>
    </ClInclude>
    <ClInclude Include="circle-hazard.h">
      <Filter>Header Files</Filter>
    </ClInclude>
    <ClInclude Include="rect-hazard.h">
      <Filter>Header Files</Filter>
    </ClInclude>
    <ClInclude Include="stationary-turret-hazard.h">
      <Filter>Header Files</Filter>
    </ClInclude>
    <ClInclude Include="bullet-manager.h">
      <Filter>Header Files</Filter>
    </ClInclude>
    <ClInclude Include="powerup-manager.h">
      <Filter>Header Files</Filter>
    </ClInclude>
    <ClInclude Include="wall-manager.h">
      <Filter>Header Files</Filter>
    </ClInclude>
    <ClInclude Include="hazard-manager.h">
      <Filter>Header Files</Filter>
    </ClInclude>
    <ClInclude Include="developer-level-0.h">
      <Filter>Header Files</Filter>
    </ClInclude>
    <ClInclude Include="random-level.h">
      <Filter>Header Files</Filter>
    </ClInclude>
    <ClInclude Include="level-manager.h">
      <Filter>Header Files</Filter>
    </ClInclude>
    <ClInclude Include="keypress-manager.h">
      <Filter>Header Files</Filter>
    </ClInclude>
    <ClInclude Include="tank-manager.h">
      <Filter>Header Files</Filter>
    </ClInclude>
    <ClInclude Include="default-random-level.h">
      <Filter>Header Files</Filter>
    </ClInclude>
    <ClInclude Include="developer-manager.h">
      <Filter>Header Files</Filter>
    </ClInclude>
    <ClInclude Include="horizontal-lightning-hazard.h">
      <Filter>Header Files</Filter>
    </ClInclude>
    <ClInclude Include="developer-level-1.h">
      <Filter>Header Files</Filter>
    </ClInclude>
    <ClInclude Include="priority-handler.h">
      <Filter>Header Files</Filter>
    </ClInclude>
    <ClInclude Include="dev-long-invincible-named-power.h">
      <Filter>Header Files</Filter>
    </ClInclude>
    <ClInclude Include="point.h">
      <Filter>Header Files</Filter>
    </ClInclude>
    <ClInclude Include="game-manager.h">
      <Filter>Header Files</Filter>
    </ClInclude>
    <ClInclude Include="game-thing.h">
      <Filter>Header Files</Filter>
    </ClInclude>
    <ClInclude Include="circular-lava-hazard.h">
      <Filter>Header Files</Filter>
    </ClInclude>
    <ClInclude Include="generalized-lava.h">
      <Filter>Header Files</Filter>
    </ClInclude>
    <ClInclude Include="rectangular-lava-hazard.h">
      <Filter>Header Files</Filter>
    </ClInclude>
    <ClInclude Include="few-obstacles-level.h">
      <Filter>Header Files</Filter>
    </ClInclude>
    <ClInclude Include="position-holder.h">
      <Filter>Header Files</Filter>
    </ClInclude>
    <ClInclude Include="concealed-powerups-level.h">
      <Filter>Header Files</Filter>
    </ClInclude>
    <ClInclude Include="banana-power.h">
      <Filter>Header Files</Filter>
    </ClInclude>
    <ClInclude Include="developer-level-2.h">
      <Filter>Header Files</Filter>
    </ClInclude>
    <ClInclude Include="old-empty-level.h">
      <Filter>Header Files</Filter>
    </ClInclude>
    <ClInclude Include="old-bounce-power.h">
      <Filter>Header Files</Filter>
    </ClInclude>
    <ClInclude Include="old-big-named-power.h">
      <Filter>Header Files</Filter>
    </ClInclude>
    <ClInclude Include="rectangular-lightning-hazard.h">
      <Filter>Header Files</Filter>
    </ClInclude>
    <ClInclude Include="circular-lightning-hazard.h">
      <Filter>Header Files</Filter>
    </ClInclude>
    <ClInclude Include="generalized-lightning.h">
      <Filter>Header Files</Filter>
    </ClInclude>
    <ClInclude Include="vertical-lightning-hazard.h">
      <Filter>Header Files</Filter>
    </ClInclude>
    <ClInclude Include="inversion-power.h">
      <Filter>Header Files</Filter>
    </ClInclude>
    <ClInclude Include="god-mode-power.h">
      <Filter>Header Files</Filter>
    </ClInclude>
    <ClInclude Include="end-game-handler.h">
      <Filter>Header Files</Filter>
    </ClInclude>
    <ClInclude Include="circular-no-bullet-zone-hazard.h">
      <Filter>Header Files</Filter>
    </ClInclude>
    <ClInclude Include="generalized-no-bullet-zone.h">
      <Filter>Header Files</Filter>
    </ClInclude>
    <ClInclude Include="rectangular-no-bullet-zone-hazard.h">
      <Filter>Header Files</Filter>
    </ClInclude>
    <ClInclude Include="many-hazards-level.h">
      <Filter>Header Files</Filter>
    </ClInclude>
    <ClInclude Include="targeting-turret-hazard.h">
      <Filter>Header Files</Filter>
    </ClInclude>
    <ClInclude Include="interaction-bool-holder.h">
      <Filter>Header Files</Filter>
    </ClInclude>
    <ClInclude Include="mines-power.h">
      <Filter>Header Files</Filter>
    </ClInclude>
    <ClInclude Include="shotgun-power.h">
      <Filter>Header Files</Filter>
    </ClInclude>
    <ClInclude Include="tracking-power.h">
      <Filter>Header Files</Filter>
    </ClInclude>
    <ClInclude Include="hiding-places-level.h">
      <Filter>Header Files</Filter>
    </ClInclude>
    <ClInclude Include="drawable-thing.h">
      <Filter>Header Files</Filter>
    </ClInclude>
    <ClInclude Include="rendering-context.h">
      <Filter>Header Files</Filter>
    </ClInclude>
    <ClInclude Include="opengl-rendering-context.h">
      <Filter>Header Files</Filter>
    </ClInclude>
    <ClInclude Include="software-rendering-context.h">
      <Filter>Header Files</Filter>
    </ClInclude>
    <ClInclude Include="null-rendering-context.h">
      <Filter>Header Files</Filter>
    </ClInclude>
    <ClInclude Include="opengl-vertex-buffer.h">
      <Filter>Header Files</Filter>
    </ClInclude>
    <ClInclude Include="opengl-vertex-array.h">
      <Filter>Header Files</Filter>
    </ClInclude>
    <ClInclude Include="opengl-index-buffer.h">
      <Filter>Header Files</Filter>
    </ClInclude>
    <ClInclude Include="rng.h">
      <Filter>Header Files</Filter>
    </ClInclude>
    <ClInclude Include="simple-vector-2d.h">
      <Filter>Header Files</Filter>
    </ClInclude>
    <ClInclude Include="barrier-power.h">
      <Filter>Header Files</Filter>
    </ClInclude>
    <ClInclude Include="game-main-loop.h">
      <Filter>Header Files</Filter>
    </ClInclude>
    <ClInclude Include="shield-power.h">
      <Filter>Header Files</Filter>
    </ClInclude>
    <ClInclude Include="dev-annoying-power.h">
      <Filter>Header Files</Filter>
    </ClInclude>
    <ClInclude Include="sneaky-reward-level.h">
      <Filter>Header Files</Filter>
    </ClInclude>
    <ClInclude Include="lightning-corners-level.h">
      <Filter>Header Files</Filter>
    </ClInclude>
    <ClInclude Include="lone-turret-level.h">
      <Filter>Header Files</Filter>
    </ClInclude>
    <ClInclude Include="wind-level-effect.h">
      <Filter>Header Files</Filter>
    </ClInclude>
    <ClInclude Include="tricky-maneuvering-level.h">
      <Filter>Header Files</Filter>
    </ClInclude>
    <ClInclude Include="respawning-powerups-level-effect.h">
      <Filter>Header Files</Filter>
    </ClInclude>
    <ClInclude Include="mine-heaven-level.h">
      <Filter>Header Files</Filter>
    </ClInclude>
    <ClInclude Include="minefield-level-effect.h">
      <Filter>Header Files</Filter>
    </ClInclude>
    <ClInclude Include="ice-level-effect.h">
      <Filter>Header Files</Filter>
    </ClInclude>
    <ClInclude Include="old-mines-power.h">
      <Filter>Header Files</Filter>
    </ClInclude>
    <ClInclude Include="winning-path-level.h">
      <Filter>Header Files</Filter>
    </ClInclude>
    <ClInclude Include="invisible-walls-level-effect.h">
      <Filter>Header Files</Filter>
    </ClInclude>
    <ClInclude Include="ultra-bounce-power.h">
      <Filter>Header Files</Filter>
    </ClInclude>
    <ClInclude Include="dev-no-walls-level-1.h">
      <Filter>Header Files</Filter>
    </ClInclude>
    <ClInclude Include="timed-reward-level.h">
      <Filter>Header Files</Filter>
    </ClInclude>
    <ClInclude Include="unnamed-level-1.h">
      <Filter>Header Files</Filter>
    </ClInclude>
    <ClInclude Include="unnamed-level-2.h">
      <Filter>Header Files</Filter>
    </ClInclude>
    <ClInclude Include="dev-symmetric-tanks-level-effect.h">
      <Filter>Header Files</Filter>
    </ClInclude>
    <ClInclude Include="dev-color-changing-power.h">
      <Filter>Header Files</Filter>
    </ClInclude>
    <ClInclude Include="physics-handler.h">
      <Filter>Header Files</Filter>
    </ClInclude>
    <ClInclude Include="developer-level-3.h">
      <Filter>Header Files</Filter>
    </ClInclude>
    <ClInclude Include="dev-other-stuff-is-poison-power.h">
      <Filter>Header Files</Filter>
    </ClInclude>
  </ItemGroup>
  <ItemGroup>
    <None Include="freeglut.dll" />
    <None Include="glew32.dll" />
    <None Include="res\shaders\default-fragment.shader" />
    <None Include="res\shaders\default-vertex.shader" />
    <None Include="res\shaders\main-fragment.shader" />
    <None Include="res\shaders\main-vertex.shader" />
  </ItemGroup>
</Project>