<?xml version="1.0" encoding="utf-8"?>
<Project ToolsVersion="4.0" xmlns="http://schemas.microsoft.com/developer/msbuild/2003">
  <ItemGroup>
    <Filter Include="Source Files">
      <UniqueIdentifier>{4FC737F1-C7A5-4376-A066-2A32D752A2FF}</UniqueIdentifier>
      <Extensions>cpp;c;cc;cxx;def;odl;idl;hpj;bat;asm;asmx</Extensions>
    </Filter>
    <Filter Include="Header Files">
      <UniqueIdentifier>{93995380-89BD-4b04-88EB-625FBE52EBFB}</UniqueIdentifier>
      <Extensions>h;hh;hpp;hxx;hm;inl;inc;ipp;xsd</Extensions>
    </Filter>
    <Filter Include="Resource Files">
      <UniqueIdentifier>{67DA6AB6-F800-4c08-8B7A-83BB121AAD01}</UniqueIdentifier>
      <Extensions>rc;ico;cur;bmp;dlg;rc2;rct;bin;rgs;gif;jpg;jpeg;jpe;resx;tiff;tif;png;wav;mfcribbon-ms</Extensions>
    </Filter>
  </ItemGroup>
  <ItemGroup>
    <ClCompile Include="_source\main.cpp">
      <Filter>Source Files</Filter>
    </ClCompile>
    <ClCompile Include="_source\bullet.cpp">
      <Filter>Source Files</Filter>
    </ClCompile>
    <ClCompile Include="_source\collision-handler.cpp">
      <Filter>Source Files</Filter>
    </ClCompile>
    <ClCompile Include="_source\color-value-holder.cpp">
      <Filter>Source Files</Filter>
    </ClCompile>
    <ClCompile Include="_source\levels\empty-level.cpp">
      <Filter>Source Files</Filter>
    </ClCompile>
    <ClCompile Include="_source\level-effect.cpp">
      <Filter>Source Files</Filter>
    </ClCompile>
    <ClCompile Include="_source\power-square.cpp">
      <Filter>Source Files</Filter>
    </ClCompile>
    <ClCompile Include="_source\reset-things.cpp">
      <Filter>Source Files</Filter>
    </ClCompile>
    <ClCompile Include="_source\tank.cpp">
      <Filter>Source Files</Filter>
    </ClCompile>
    <ClCompile Include="_source\wall.cpp">
      <Filter>Source Files</Filter>
    </ClCompile>
    <ClCompile Include="_source\constants.cpp">
      <Filter>Source Files</Filter>
    </ClCompile>
    <ClCompile Include="_source\color-mixer.cpp">
      <Filter>Source Files</Filter>
    </ClCompile>
    <ClCompile Include="_source\power-function-helper.cpp">
      <Filter>Source Files</Filter>
    </ClCompile>
    <ClCompile Include="_source\powers\speed-power.cpp">
      <Filter>Source Files</Filter>
    </ClCompile>
    <ClCompile Include="_source\powers\wallhack-power.cpp">
      <Filter>Source Files</Filter>
    </ClCompile>
    <ClCompile Include="_source\powers\multishot-power.cpp">
      <Filter>Source Files</Filter>
    </ClCompile>
    <ClCompile Include="_source\powers\bounce-power.cpp">
      <Filter>Source Files</Filter>
    </ClCompile>
    <ClCompile Include="_source\powers\homing-power.cpp">
      <Filter>Source Files</Filter>
    </ClCompile>
    <ClCompile Include="_source\powers\triple-named-power.cpp">
      <Filter>Source Files</Filter>
    </ClCompile>
    <ClCompile Include="_source\mylib.cpp">
      <Filter>Source Files</Filter>
    </ClCompile>
    <ClCompile Include="_source\graphics\index-buffer.cpp">
      <Filter>Source Files</Filter>
    </ClCompile>
    <ClCompile Include="_source\renderer.cpp">
      <Filter>Source Files</Filter>
    </ClCompile>
    <ClCompile Include="_source\graphics\vertex-buffer.cpp">
      <Filter>Source Files</Filter>
    </ClCompile>
    <ClCompile Include="_source\graphics\vertex-array-object.cpp">
      <Filter>Source Files</Filter>
    </ClCompile>
    <ClCompile Include="_source\graphics\shader.cpp">
      <Filter>Source Files</Filter>
    </ClCompile>
    <ClCompile Include="_source\frame-time-graph.cpp">
      <Filter>Source Files</Filter>
    </ClCompile>
    <ClCompile Include="_source\background-rect.cpp">
      <Filter>Source Files</Filter>
    </ClCompile>
    <ClCompile Include="_source\powers\invincible-named-power.cpp">
      <Filter>Source Files</Filter>
    </ClCompile>
    <ClCompile Include="_source\powers\big-named-power.cpp">
      <Filter>Source Files</Filter>
    </ClCompile>
    <ClCompile Include="_source\powers\mega-death-power.cpp">
      <Filter>Source Files</Filter>
    </ClCompile>
    <ClCompile Include="_source\powers\grenade-power.cpp">
      <Filter>Source Files</Filter>
    </ClCompile>
    <ClCompile Include="_source\levels\evened-corridors-level.cpp">
      <Filter>Source Files</Filter>
    </ClCompile>
    <ClCompile Include="_source\powers\fire-named-power.cpp">
      <Filter>Source Files</Filter>
    </ClCompile>
    <ClCompile Include="_source\powers\blast-power.cpp">
      <Filter>Source Files</Filter>
    </ClCompile>
    <ClCompile Include="_source\levels\big-fun-level.cpp">
      <Filter>Source Files</Filter>
    </ClCompile>
    <ClCompile Include="_source\circle-hazard.cpp">
      <Filter>Source Files</Filter>
    </ClCompile>
    <ClCompile Include="_source\rect-hazard.cpp">
      <Filter>Source Files</Filter>
    </ClCompile>
    <ClCompile Include="_source\hazards\stationary-turret-hazard.cpp">
      <Filter>Source Files</Filter>
    </ClCompile>
    <ClCompile Include="_source\bullet-manager.cpp">
      <Filter>Source Files</Filter>
    </ClCompile>
    <ClCompile Include="_source\powerup-manager.cpp">
      <Filter>Source Files</Filter>
    </ClCompile>
    <ClCompile Include="_source\wall-manager.cpp">
      <Filter>Source Files</Filter>
    </ClCompile>
    <ClCompile Include="_source\hazard-manager.cpp">
      <Filter>Source Files</Filter>
    </ClCompile>
    <ClCompile Include="_source\levels\developer-level-0.cpp">
      <Filter>Source Files</Filter>
    </ClCompile>
    <ClCompile Include="_source\level-helper.cpp">
      <Filter>Source Files</Filter>
    </ClCompile>
    <ClCompile Include="_source\level-manager.cpp">
      <Filter>Source Files</Filter>
    </ClCompile>
    <ClCompile Include="_source\keypress-manager.cpp">
      <Filter>Source Files</Filter>
    </ClCompile>
    <ClCompile Include="_source\tank-manager.cpp">
      <Filter>Source Files</Filter>
    </ClCompile>
    <ClCompile Include="_source\levels\default-random-level.cpp">
      <Filter>Source Files</Filter>
    </ClCompile>
    <ClCompile Include="_source\developer-manager.cpp">
      <Filter>Source Files</Filter>
    </ClCompile>
    <ClCompile Include="_source\hazards\horizontal-lightning-hazard.cpp">
      <Filter>Source Files</Filter>
    </ClCompile>
    <ClCompile Include="_source\levels\developer-level-1.cpp">
      <Filter>Source Files</Filter>
    </ClCompile>
    <ClCompile Include="_source\priority-handler.cpp">
      <Filter>Source Files</Filter>
    </ClCompile>
    <ClCompile Include="_source\powers\dev-long-invincible-named-power.cpp">
      <Filter>Source Files</Filter>
    </ClCompile>
    <ClCompile Include="_source\game-manager.cpp">
      <Filter>Source Files</Filter>
    </ClCompile>
    <ClCompile Include="_source\hazards\circular-lava-hazard.cpp">
      <Filter>Source Files</Filter>
    </ClCompile>
    <ClCompile Include="_source\generalized-lava.cpp">
      <Filter>Source Files</Filter>
    </ClCompile>
    <ClCompile Include="_source\hazards\rectangular-lava-hazard.cpp">
      <Filter>Source Files</Filter>
    </ClCompile>
    <ClCompile Include="_source\levels\few-obstacles-level.cpp">
      <Filter>Source Files</Filter>
    </ClCompile>
    <ClCompile Include="_source\levels\concealed-powerups-level.cpp">
      <Filter>Source Files</Filter>
    </ClCompile>
    <ClCompile Include="_source\powers\banana-power.cpp">
      <Filter>Source Files</Filter>
    </ClCompile>
    <ClCompile Include="_source\levels\developer-level-2.cpp">
      <Filter>Source Files</Filter>
    </ClCompile>
    <ClCompile Include="_source\levels\old-empty-level.cpp">
      <Filter>Source Files</Filter>
    </ClCompile>
    <ClCompile Include="_source\level.cpp">
      <Filter>Source Files</Filter>
    </ClCompile>
    <ClCompile Include="_source\power.cpp">
      <Filter>Source Files</Filter>
    </ClCompile>
    <ClCompile Include="_source\powers\old-bounce-power.cpp">
      <Filter>Source Files</Filter>
    </ClCompile>
    <ClCompile Include="_source\powers\old-big-named-power.cpp">
      <Filter>Source Files</Filter>
    </ClCompile>
    <ClCompile Include="_source\hazards\rectangular-lightning-hazard.cpp">
      <Filter>Source Files</Filter>
    </ClCompile>
    <ClCompile Include="_source\hazards\circular-lightning-hazard.cpp">
      <Filter>Source Files</Filter>
    </ClCompile>
    <ClCompile Include="_source\generalized-lightning.cpp">
      <Filter>Source Files</Filter>
    </ClCompile>
    <ClCompile Include="_source\hazards\vertical-lightning-hazard.cpp">
      <Filter>Source Files</Filter>
    </ClCompile>
    <ClCompile Include="_source\powers\inversion-power.cpp">
      <Filter>Source Files</Filter>
    </ClCompile>
    <ClCompile Include="_source\powers\god-mode-power.cpp">
      <Filter>Source Files</Filter>
    </ClCompile>
    <ClCompile Include="_source\end-game-handler.cpp">
      <Filter>Source Files</Filter>
    </ClCompile>
    <ClCompile Include="_source\hazards\circular-no-bullet-zone-hazard.cpp">
      <Filter>Source Files</Filter>
    </ClCompile>
    <ClCompile Include="_source\generalized-no-bullet-zone.cpp">
      <Filter>Source Files</Filter>
    </ClCompile>
    <ClCompile Include="_source\hazards\rectangular-no-bullet-zone-hazard.cpp">
      <Filter>Source Files</Filter>
    </ClCompile>
    <ClCompile Include="_source\levels\many-hazards-level.cpp">
      <Filter>Source Files</Filter>
    </ClCompile>
    <ClCompile Include="_source\hazards\targeting-turret-hazard.cpp">
      <Filter>Source Files</Filter>
    </ClCompile>
    <ClCompile Include="_source\powers\mines-power.cpp">
      <Filter>Source Files</Filter>
    </ClCompile>
    <ClCompile Include="_source\powers\shotgun-power.cpp">
      <Filter>Source Files</Filter>
    </ClCompile>
    <ClCompile Include="_source\powers\tracking-power.cpp">
      <Filter>Source Files</Filter>
    </ClCompile>
    <ClCompile Include="_source\levels\hiding-places-level.cpp">
      <Filter>Source Files</Filter>
    </ClCompile>
    <ClCompile Include="_source\graphics\opengl-rendering-context.cpp">
      <Filter>Source Files</Filter>
    </ClCompile>
    <ClCompile Include="_source\graphics\opengl-vertex-buffer.cpp">
      <Filter>Source Files</Filter>
    </ClCompile>
    <ClCompile Include="_source\graphics\opengl-vertex-array-object.cpp">
      <Filter>Source Files</Filter>
    </ClCompile>
    <ClCompile Include="_source\graphics\opengl-index-buffer.cpp">
      <Filter>Source Files</Filter>
    </ClCompile>
    <ClCompile Include="_source\rng.cpp">
      <Filter>Source Files</Filter>
    </ClCompile>
    <ClCompile Include="_source\simple-vector-2d.cpp">
      <Filter>Source Files</Filter>
    </ClCompile>
    <ClCompile Include="_source\powers\barrier-power.cpp">
      <Filter>Source Files</Filter>
    </ClCompile>
    <ClCompile Include="_source\game-main-loop.cpp">
      <Filter>Source Files</Filter>
    </ClCompile>
    <ClCompile Include="_source\powers\shield-power.cpp">
      <Filter>Source Files</Filter>
    </ClCompile>
    <ClCompile Include="_source\powers\annoying-power.cpp">
      <Filter>Source Files</Filter>
    </ClCompile>
    <ClCompile Include="_source\levels\sneaky-reward-level.cpp">
      <Filter>Source Files</Filter>
    </ClCompile>
    <ClCompile Include="_source\levels\lightning-corners-level.cpp">
      <Filter>Source Files</Filter>
    </ClCompile>
    <ClCompile Include="_source\levels\lone-turret-level.cpp">
      <Filter>Source Files</Filter>
    </ClCompile>
    <ClCompile Include="_source\level-effects\wind-level-effect.cpp">
      <Filter>Source Files</Filter>
    </ClCompile>
    <ClCompile Include="_source\levels\tricky-maneuvering-level.cpp">
      <Filter>Source Files</Filter>
    </ClCompile>
    <ClCompile Include="_source\level-effects\respawning-powerups-level-effect.cpp">
      <Filter>Source Files</Filter>
    </ClCompile>
    <ClCompile Include="_source\levels\mine-heaven-level.cpp">
      <Filter>Source Files</Filter>
    </ClCompile>
    <ClCompile Include="_source\level-effects\minefield-level-effect.cpp">
      <Filter>Source Files</Filter>
    </ClCompile>
    <ClCompile Include="_source\level-effects\ice-level-effect.cpp">
      <Filter>Source Files</Filter>
    </ClCompile>
    <ClCompile Include="_source\powers\old-mines-power.cpp">
      <Filter>Source Files</Filter>
    </ClCompile>
    <ClCompile Include="_source\levels\winning-path-level.cpp">
      <Filter>Source Files</Filter>
    </ClCompile>
    <ClCompile Include="_source\level-effects\invisible-walls-level-effect.cpp">
      <Filter>Source Files</Filter>
    </ClCompile>
    <ClCompile Include="_source\powers\ultra-bounce-power.cpp">
      <Filter>Source Files</Filter>
    </ClCompile>
    <ClCompile Include="_source\levels\dev-no-walls-level-1.cpp">
      <Filter>Source Files</Filter>
    </ClCompile>
    <ClCompile Include="_source\levels\timed-reward-level.cpp">
      <Filter>Source Files</Filter>
    </ClCompile>
    <ClCompile Include="_source\levels\unnamed-level-1.cpp">
      <Filter>Source Files</Filter>
    </ClCompile>
    <ClCompile Include="_source\levels\unnamed-level-2.cpp">
      <Filter>Source Files</Filter>
    </ClCompile>
    <ClCompile Include="_source\level-effects\dev-symmetric-tanks-level-effect.cpp">
      <Filter>Source Files</Filter>
    </ClCompile>
    <ClCompile Include="_source\physics-handler.cpp">
      <Filter>Source Files</Filter>
    </ClCompile>
    <ClCompile Include="_source\levels\developer-level-3.cpp">
      <Filter>Source Files</Filter>
    </ClCompile>
    <ClCompile Include="_source\powers\dev-other-stuff-is-poison-power.cpp">
      <Filter>Source Files</Filter>
    </ClCompile>
    <ClCompile Include="_source\generic-factory-construction-data.cpp">
      <Filter>Source Files</Filter>
    </ClCompile>
    <ClCompile Include="_source\hazards\patrolling-turret-hazard.cpp">
      <Filter>Source Files</Filter>
    </ClCompile>
    <ClCompile Include="_source\levels\tight-patrolling-corridor-level.cpp">
      <Filter>Source Files</Filter>
    </ClCompile>
    <ClCompile Include="_source\hazards\dev-wall-hazard.cpp">
      <Filter>Source Files</Filter>
    </ClCompile>
    <ClCompile Include="_source\hazards\mother-turret-hazard.cpp">
      <Filter>Source Files</Filter>
    </ClCompile>
    <ClCompile Include="_source\levels\dangerous-center-level.cpp">
      <Filter>Source Files</Filter>
    </ClCompile>
    <ClCompile Include="_source\hazards\ginormous-turret-hazard.cpp">
      <Filter>Source Files</Filter>
    </ClCompile>
    <ClCompile Include="_source\game-thing.cpp">
      <Filter>Source Files</Filter>
    </ClCompile>
    <ClCompile Include="_source\game-scene-manager.cpp">
      <Filter>Source Files</Filter>
    </ClCompile>
    <ClCompile Include="_source\game-scene.cpp">
      <Filter>Source Files</Filter>
    </ClCompile>
    <ClCompile Include="_source\basic-ini-parser.cpp">
      <Filter>Source Files</Filter>
    </ClCompile>
    <ClCompile Include="_source\powers\dev-backwards-movement-power.cpp">
      <Filter>Source Files</Filter>
    </ClCompile>
    <ClCompile Include="_source\powers\wall-sparks-power.cpp">
      <Filter>Source Files</Filter>
    </ClCompile>
    <ClCompile Include="_source\powers\dev-weird-extra-cannons-power.cpp">
      <Filter>Source Files</Filter>
    </ClCompile>
    <ClCompile Include="_source\custom-level-interpreter.cpp">
      <Filter>Source Files</Filter>
    </ClCompile>
    <ClCompile Include="_source\level-data-governor.cpp">
      <Filter>Source Files</Filter>
    </ClCompile>
    <ClCompile Include="_source\powerup-data-governor.cpp">
      <Filter>Source Files</Filter>
    </ClCompile>
    <ClCompile Include="_source\hazard-data-governor.cpp">
      <Filter>Source Files</Filter>
    </ClCompile>
    <ClCompile Include="_source\powers\dev-colorless-long-invincible-named-power.cpp">
      <Filter>Source Files</Filter>
    </ClCompile>
    <ClCompile Include="_source\levels\unnamed-level-3.cpp">
      <Filter>Source Files</Filter>
    </ClCompile>
    <ClCompile Include="_source\levels\unnamed-level-4.cpp">
      <Filter>Source Files</Filter>
    </ClCompile>
    <ClCompile Include="_source\mod-processor.cpp">
      <Filter>Source Files</Filter>
    </ClCompile>
    <ClCompile Include="_source\custom-power-interpreter.cpp">
      <Filter>Source Files</Filter>
    </ClCompile>
    <ClCompile Include="_source\statistics-handler.cpp">
      <Filter>Source Files</Filter>
    </ClCompile>
    <ClCompile Include="_source\powers\triple-spread-named-power.cpp">
      <Filter>Source Files</Filter>
    </ClCompile>
    <ClCompile Include="_source\powers\ring-shooter-power.cpp">
      <Filter>Source Files</Filter>
    </ClCompile>
    <ClCompile Include="_source\powers\ancient-mega-death-power.cpp">
      <Filter>Source Files</Filter>
    </ClCompile>
    <ClCompile Include="_source\levels\old-portal-level.cpp">
      <Filter>Source Files</Filter>
    </ClCompile>
    <ClCompile Include="_source\levels\untraditional-divider-level.cpp">
      <Filter>Source Files</Filter>
    </ClCompile>
    <ClCompile Include="_source\level-effects\magnetism-level-effect.cpp">
      <Filter>Source Files</Filter>
    </ClCompile>
    <ClCompile Include="_source\powers\banana-split-power.cpp">
      <Filter>Source Files</Filter>
    </ClCompile>
    <ClCompile Include="_source\levels\showcase-level-1.cpp">
      <Filter>Source Files</Filter>
    </ClCompile>
    <ClCompile Include="_source\levels\unnamed-level-6.cpp">
      <Filter>Source Files</Filter>
    </ClCompile>
    <ClCompile Include="_source\levels\showcase-level-2.cpp">
      <Filter>Source Files</Filter>
    </ClCompile>
    <ClCompile Include="_source\levels\terrifying-chaos-level.cpp">
      <Filter>Source Files</Filter>
    </ClCompile>
    <ClCompile Include="_source\powers\edge-sparks-power.cpp">
      <Filter>Source Files</Filter>
    </ClCompile>
    <ClCompile Include="_source\levels\unnamed-level-9.cpp">
      <Filter>Source Files</Filter>
    </ClCompile>
    <ClCompile Include="_source\levels\unnamed-level-10.cpp">
      <Filter>Source Files</Filter>
    </ClCompile>
    <ClCompile Include="_source\levels\unnamed-level-11.cpp">
      <Filter>Source Files</Filter>
    </ClCompile>
    <ClCompile Include="_source\levels\unnamed-level-12.cpp">
      <Filter>Source Files</Filter>
    </ClCompile>
    <ClCompile Include="_source\hazards\spiral-lava-hazard.cpp">
      <Filter>Source Files</Filter>
    </ClCompile>
    <ClCompile Include="_source\levels\developer-level-4.cpp">
      <Filter>Source Files</Filter>
    </ClCompile>
    <ClCompile Include="_source\hazards\reflecktor-hazard.cpp">
      <Filter>Source Files</Filter>
    </ClCompile>
    <ClCompile Include="_source\hazards\cloud-hazard.cpp">
      <Filter>Source Files</Filter>
    </ClCompile>
    <ClCompile Include="_source\levels\old-evened-corridors-level.cpp">
      <Filter>Source Files</Filter>
    </ClCompile>
    <ClCompile Include="_source\levels\old-few-obstacles-level.cpp">
      <Filter>Source Files</Filter>
    </ClCompile>
    <ClCompile Include="_source\levels\old-hiding-places-level.cpp">
      <Filter>Source Files</Filter>
    </ClCompile>
    <ClCompile Include="_source\level-effects\dev-tiny-tanks-level-effect.cpp">
      <Filter>Source Files</Filter>
    </ClCompile>
    <ClCompile Include="_source\powers\swarm-power.cpp">
      <Filter>Source Files</Filter>
    </ClCompile>
    <ClCompile Include="_source\powers\trickster-circle-power.cpp">
      <Filter>Source Files</Filter>
    </ClCompile>
    <ClCompile Include="_source\powers\trickster-snake-power.cpp">
      <Filter>Source Files</Filter>
    </ClCompile>
    <ClCompile Include="_source\powers\dev-pusher-power.cpp">
      <Filter>Source Files</Filter>
    </ClCompile>
    <ClCompile Include="_source\hazards\gravity-well-hazard.cpp">
      <Filter>Source Files</Filter>
    </ClCompile>
    <ClCompile Include="_source\levels\unnamed-level-13.cpp">
      <Filter>Source Files</Filter>
    </ClCompile>
    <ClCompile Include="_source\powers\dev-movement-restarter-power.cpp">
      <Filter>Source Files</Filter>
    </ClCompile>
    <ClCompile Include="_source\powers\mine-layer-power.cpp">
      <Filter>Source Files</Filter>
    </ClCompile>
    <ClCompile Include="_source\powers\the-super-named-power.cpp">
      <Filter>Source Files</Filter>
    </ClCompile>
    <ClCompile Include="_source\levels\showcase-level-3.cpp">
      <Filter>Source Files</Filter>
    </ClCompile>
    <ClCompile Include="_source\game-settings.cpp">
      <Filter>Source Files</Filter>
    </ClCompile>
    <ClCompile Include="_source\aaa_first.cpp">
      <Filter>Source Files</Filter>
    </ClCompile>
    <ClCompile Include="..\Dependencies\rpmalloc\rpmalloc.c">
      <Filter>Source Files</Filter>
    </ClCompile>
    <ClCompile Include="_source\color-cache.cpp">
      <Filter>Source Files</Filter>
    </ClCompile>
    <ClCompile Include="..\Dependencies\enkiTS\TaskScheduler.cpp">
      <Filter>Source Files</Filter>
    </ClCompile>
    <ClCompile Include="_source\window-initializer.cpp">
      <Filter>Source Files</Filter>
    </ClCompile>
    <ClCompile Include="_source\graphics\opengl-shader.cpp">
      <Filter>Source Files</Filter>
    </ClCompile>
    <ClCompile Include="..\Externals\tracy\public\TracyClient.cpp">
      <Filter>Source Files</Filter>
    </ClCompile>
  </ItemGroup>
  <ItemGroup>
    <ClInclude Include="_source\bullet.h">
      <Filter>Header Files</Filter>
    </ClInclude>
    <ClInclude Include="_source\bullet-power.h">
      <Filter>Header Files</Filter>
    </ClInclude>
    <ClInclude Include="_source\circle.h">
      <Filter>Header Files</Filter>
    </ClInclude>
    <ClInclude Include="_source\collision-handler.h">
      <Filter>Header Files</Filter>
    </ClInclude>
    <ClInclude Include="_source\color-mixer.h">
      <Filter>Header Files</Filter>
    </ClInclude>
    <ClInclude Include="_source\color-value-holder.h">
      <Filter>Header Files</Filter>
    </ClInclude>
    <ClInclude Include="_source\constants.h">
      <Filter>Header Files</Filter>
    </ClInclude>
    <ClInclude Include="_source\levels\empty-level.h">
      <Filter>Header Files</Filter>
    </ClInclude>
    <ClInclude Include="_source\level.h">
      <Filter>Header Files</Filter>
    </ClInclude>
    <ClInclude Include="_source\level-effect.h">
      <Filter>Header Files</Filter>
    </ClInclude>
    <ClInclude Include="_source\power.h">
      <Filter>Header Files</Filter>
    </ClInclude>
    <ClInclude Include="_source\power-square.h">
      <Filter>Header Files</Filter>
    </ClInclude>
    <ClInclude Include="_source\rect.h">
      <Filter>Header Files</Filter>
    </ClInclude>
    <ClInclude Include="_source\reset-things.h">
      <Filter>Header Files</Filter>
    </ClInclude>
    <ClInclude Include="_source\powers\speed-power.h">
      <Filter>Header Files</Filter>
    </ClInclude>
    <ClInclude Include="_source\tank.h">
      <Filter>Header Files</Filter>
    </ClInclude>
    <ClInclude Include="_source\tank-power.h">
      <Filter>Header Files</Filter>
    </ClInclude>
    <ClInclude Include="_source\wall.h">
      <Filter>Header Files</Filter>
    </ClInclude>
    <ClInclude Include="_source\power-function-helper.h">
      <Filter>Header Files</Filter>
    </ClInclude>
    <ClInclude Include="_source\powers\wallhack-power.h">
      <Filter>Header Files</Filter>
    </ClInclude>
    <ClInclude Include="_source\cannon-point.h">
      <Filter>Header Files</Filter>
    </ClInclude>
    <ClInclude Include="_source\powers\multishot-power.h">
      <Filter>Header Files</Filter>
    </ClInclude>
    <ClInclude Include="_source\powers\bounce-power.h">
      <Filter>Header Files</Filter>
    </ClInclude>
    <ClInclude Include="_source\powers\homing-power.h">
      <Filter>Header Files</Filter>
    </ClInclude>
    <ClInclude Include="_source\powers\triple-named-power.h">
      <Filter>Header Files</Filter>
    </ClInclude>
    <ClInclude Include="_source\mylib.h">
      <Filter>Header Files</Filter>
    </ClInclude>
    <ClInclude Include="_source\graphics\index-buffer.h">
      <Filter>Header Files</Filter>
    </ClInclude>
    <ClInclude Include="_source\renderer.h">
      <Filter>Header Files</Filter>
    </ClInclude>
    <ClInclude Include="_source\graphics\vertex-buffer.h">
      <Filter>Header Files</Filter>
    </ClInclude>
    <ClInclude Include="_source\graphics\vertex-array-object.h">
      <Filter>Header Files</Filter>
    </ClInclude>
    <ClInclude Include="_source\graphics\vertex-buffer-layout.h">
      <Filter>Header Files</Filter>
    </ClInclude>
    <ClInclude Include="_source\graphics\shader.h">
      <Filter>Header Files</Filter>
    </ClInclude>
    <ClInclude Include="_source\frame-time-graph.h">
      <Filter>Header Files</Filter>
    </ClInclude>
    <ClInclude Include="_source\background-rect.h">
      <Filter>Header Files</Filter>
    </ClInclude>
    <ClInclude Include="_source\powers\invincible-named-power.h">
      <Filter>Header Files</Filter>
    </ClInclude>
    <ClInclude Include="_source\powers\big-named-power.h">
      <Filter>Header Files</Filter>
    </ClInclude>
    <ClInclude Include="_source\powers\mega-death-power.h">
      <Filter>Header Files</Filter>
    </ClInclude>
    <ClInclude Include="_source\powers\grenade-power.h">
      <Filter>Header Files</Filter>
    </ClInclude>
    <ClInclude Include="_source\levels\evened-corridors-level.h">
      <Filter>Header Files</Filter>
    </ClInclude>
    <ClInclude Include="_source\powers\fire-named-power.h">
      <Filter>Header Files</Filter>
    </ClInclude>
    <ClInclude Include="_source\powers\blast-power.h">
      <Filter>Header Files</Filter>
    </ClInclude>
    <ClInclude Include="_source\levels\big-fun-level.h">
      <Filter>Header Files</Filter>
    </ClInclude>
    <ClInclude Include="_source\circle-hazard.h">
      <Filter>Header Files</Filter>
    </ClInclude>
    <ClInclude Include="_source\rect-hazard.h">
      <Filter>Header Files</Filter>
    </ClInclude>
    <ClInclude Include="_source\hazards\stationary-turret-hazard.h">
      <Filter>Header Files</Filter>
    </ClInclude>
    <ClInclude Include="_source\bullet-manager.h">
      <Filter>Header Files</Filter>
    </ClInclude>
    <ClInclude Include="_source\powerup-manager.h">
      <Filter>Header Files</Filter>
    </ClInclude>
    <ClInclude Include="_source\wall-manager.h">
      <Filter>Header Files</Filter>
    </ClInclude>
    <ClInclude Include="_source\hazard-manager.h">
      <Filter>Header Files</Filter>
    </ClInclude>
    <ClInclude Include="_source\levels\developer-level-0.h">
      <Filter>Header Files</Filter>
    </ClInclude>
    <ClInclude Include="_source\level-helper.h">
      <Filter>Header Files</Filter>
    </ClInclude>
    <ClInclude Include="_source\level-manager.h">
      <Filter>Header Files</Filter>
    </ClInclude>
    <ClInclude Include="_source\keypress-manager.h">
      <Filter>Header Files</Filter>
    </ClInclude>
    <ClInclude Include="_source\tank-manager.h">
      <Filter>Header Files</Filter>
    </ClInclude>
    <ClInclude Include="_source\levels\default-random-level.h">
      <Filter>Header Files</Filter>
    </ClInclude>
    <ClInclude Include="_source\developer-manager.h">
      <Filter>Header Files</Filter>
    </ClInclude>
    <ClInclude Include="_source\hazards\horizontal-lightning-hazard.h">
      <Filter>Header Files</Filter>
    </ClInclude>
    <ClInclude Include="_source\levels\developer-level-1.h">
      <Filter>Header Files</Filter>
    </ClInclude>
    <ClInclude Include="_source\priority-handler.h">
      <Filter>Header Files</Filter>
    </ClInclude>
    <ClInclude Include="_source\powers\dev-long-invincible-named-power.h">
      <Filter>Header Files</Filter>
    </ClInclude>
    <ClInclude Include="_source\point.h">
      <Filter>Header Files</Filter>
    </ClInclude>
    <ClInclude Include="_source\game-manager.h">
      <Filter>Header Files</Filter>
    </ClInclude>
    <ClInclude Include="_source\game-thing.h">
      <Filter>Header Files</Filter>
    </ClInclude>
    <ClInclude Include="_source\hazards\circular-lava-hazard.h">
      <Filter>Header Files</Filter>
    </ClInclude>
    <ClInclude Include="_source\generalized-lava.h">
      <Filter>Header Files</Filter>
    </ClInclude>
    <ClInclude Include="_source\hazards\rectangular-lava-hazard.h">
      <Filter>Header Files</Filter>
    </ClInclude>
    <ClInclude Include="_source\levels\few-obstacles-level.h">
      <Filter>Header Files</Filter>
    </ClInclude>
    <ClInclude Include="_source\position-holder.h">
      <Filter>Header Files</Filter>
    </ClInclude>
    <ClInclude Include="_source\levels\concealed-powerups-level.h">
      <Filter>Header Files</Filter>
    </ClInclude>
    <ClInclude Include="_source\powers\banana-power.h">
      <Filter>Header Files</Filter>
    </ClInclude>
    <ClInclude Include="_source\levels\developer-level-2.h">
      <Filter>Header Files</Filter>
    </ClInclude>
    <ClInclude Include="_source\levels\old-empty-level.h">
      <Filter>Header Files</Filter>
    </ClInclude>
    <ClInclude Include="_source\powers\old-bounce-power.h">
      <Filter>Header Files</Filter>
    </ClInclude>
    <ClInclude Include="_source\powers\old-big-named-power.h">
      <Filter>Header Files</Filter>
    </ClInclude>
    <ClInclude Include="_source\hazards\rectangular-lightning-hazard.h">
      <Filter>Header Files</Filter>
    </ClInclude>
    <ClInclude Include="_source\hazards\circular-lightning-hazard.h">
      <Filter>Header Files</Filter>
    </ClInclude>
    <ClInclude Include="_source\generalized-lightning.h">
      <Filter>Header Files</Filter>
    </ClInclude>
    <ClInclude Include="_source\hazards\vertical-lightning-hazard.h">
      <Filter>Header Files</Filter>
    </ClInclude>
    <ClInclude Include="_source\powers\inversion-power.h">
      <Filter>Header Files</Filter>
    </ClInclude>
    <ClInclude Include="_source\powers\god-mode-power.h">
      <Filter>Header Files</Filter>
    </ClInclude>
    <ClInclude Include="_source\end-game-handler.h">
      <Filter>Header Files</Filter>
    </ClInclude>
    <ClInclude Include="_source\hazards\circular-no-bullet-zone-hazard.h">
      <Filter>Header Files</Filter>
    </ClInclude>
    <ClInclude Include="_source\generalized-no-bullet-zone.h">
      <Filter>Header Files</Filter>
    </ClInclude>
    <ClInclude Include="_source\hazards\rectangular-no-bullet-zone-hazard.h">
      <Filter>Header Files</Filter>
    </ClInclude>
    <ClInclude Include="_source\levels\many-hazards-level.h">
      <Filter>Header Files</Filter>
    </ClInclude>
    <ClInclude Include="_source\hazards\targeting-turret-hazard.h">
      <Filter>Header Files</Filter>
    </ClInclude>
    <ClInclude Include="_source\interaction-bool-holder.h">
      <Filter>Header Files</Filter>
    </ClInclude>
    <ClInclude Include="_source\powers\mines-power.h">
      <Filter>Header Files</Filter>
    </ClInclude>
    <ClInclude Include="_source\powers\shotgun-power.h">
      <Filter>Header Files</Filter>
    </ClInclude>
    <ClInclude Include="_source\powers\tracking-power.h">
      <Filter>Header Files</Filter>
    </ClInclude>
    <ClInclude Include="_source\levels\hiding-places-level.h">
      <Filter>Header Files</Filter>
    </ClInclude>
    <ClInclude Include="_source\drawable-thing.h">
      <Filter>Header Files</Filter>
    </ClInclude>
    <ClInclude Include="_source\graphics\rendering-context.h">
      <Filter>Header Files</Filter>
    </ClInclude>
    <ClInclude Include="_source\graphics\opengl-rendering-context.h">
      <Filter>Header Files</Filter>
    </ClInclude>
    <ClInclude Include="_source\graphics\software-rendering-context.h">
      <Filter>Header Files</Filter>
    </ClInclude>
    <ClInclude Include="_source\graphics\null-rendering-context.h">
      <Filter>Header Files</Filter>
    </ClInclude>
    <ClInclude Include="_source\graphics\opengl-vertex-buffer.h">
      <Filter>Header Files</Filter>
    </ClInclude>
    <ClInclude Include="_source\graphics\opengl-vertex-array-object.h">
      <Filter>Header Files</Filter>
    </ClInclude>
    <ClInclude Include="_source\graphics\opengl-index-buffer.h">
      <Filter>Header Files</Filter>
    </ClInclude>
    <ClInclude Include="_source\rng.h">
      <Filter>Header Files</Filter>
    </ClInclude>
    <ClInclude Include="_source\simple-vector-2d.h">
      <Filter>Header Files</Filter>
    </ClInclude>
    <ClInclude Include="_source\powers\barrier-power.h">
      <Filter>Header Files</Filter>
    </ClInclude>
    <ClInclude Include="_source\game-main-loop.h">
      <Filter>Header Files</Filter>
    </ClInclude>
    <ClInclude Include="_source\powers\shield-power.h">
      <Filter>Header Files</Filter>
    </ClInclude>
    <ClInclude Include="_source\powers\annoying-power.h">
      <Filter>Header Files</Filter>
    </ClInclude>
    <ClInclude Include="_source\levels\sneaky-reward-level.h">
      <Filter>Header Files</Filter>
    </ClInclude>
    <ClInclude Include="_source\levels\lightning-corners-level.h">
      <Filter>Header Files</Filter>
    </ClInclude>
    <ClInclude Include="_source\levels\lone-turret-level.h">
      <Filter>Header Files</Filter>
    </ClInclude>
    <ClInclude Include="_source\level-effects\wind-level-effect.h">
      <Filter>Header Files</Filter>
    </ClInclude>
    <ClInclude Include="_source\levels\tricky-maneuvering-level.h">
      <Filter>Header Files</Filter>
    </ClInclude>
    <ClInclude Include="_source\level-effects\respawning-powerups-level-effect.h">
      <Filter>Header Files</Filter>
    </ClInclude>
    <ClInclude Include="_source\levels\mine-heaven-level.h">
      <Filter>Header Files</Filter>
    </ClInclude>
    <ClInclude Include="_source\level-effects\minefield-level-effect.h">
      <Filter>Header Files</Filter>
    </ClInclude>
    <ClInclude Include="_source\level-effects\ice-level-effect.h">
      <Filter>Header Files</Filter>
    </ClInclude>
    <ClInclude Include="_source\powers\old-mines-power.h">
      <Filter>Header Files</Filter>
    </ClInclude>
    <ClInclude Include="_source\levels\winning-path-level.h">
      <Filter>Header Files</Filter>
    </ClInclude>
    <ClInclude Include="_source\level-effects\invisible-walls-level-effect.h">
      <Filter>Header Files</Filter>
    </ClInclude>
    <ClInclude Include="_source\powers\ultra-bounce-power.h">
      <Filter>Header Files</Filter>
    </ClInclude>
    <ClInclude Include="_source\levels\dev-no-walls-level-1.h">
      <Filter>Header Files</Filter>
    </ClInclude>
    <ClInclude Include="_source\levels\timed-reward-level.h">
      <Filter>Header Files</Filter>
    </ClInclude>
    <ClInclude Include="_source\levels\unnamed-level-1.h">
      <Filter>Header Files</Filter>
    </ClInclude>
    <ClInclude Include="_source\levels\unnamed-level-2.h">
      <Filter>Header Files</Filter>
    </ClInclude>
    <ClInclude Include="_source\level-effects\dev-symmetric-tanks-level-effect.h">
      <Filter>Header Files</Filter>
    </ClInclude>
    <ClInclude Include="_source\physics-handler.h">
      <Filter>Header Files</Filter>
    </ClInclude>
    <ClInclude Include="_source\levels\developer-level-3.h">
      <Filter>Header Files</Filter>
    </ClInclude>
    <ClInclude Include="_source\powers\dev-other-stuff-is-poison-power.h">
      <Filter>Header Files</Filter>
    </ClInclude>
    <ClInclude Include="_source\generic-factory-construction-data.h">
      <Filter>Header Files</Filter>
    </ClInclude>
    <ClInclude Include="_source\hazards\patrolling-turret-hazard.h">
      <Filter>Header Files</Filter>
    </ClInclude>
    <ClInclude Include="_source\levels\tight-patrolling-corridor-level.h">
      <Filter>Header Files</Filter>
    </ClInclude>
    <ClInclude Include="_source\hazards\dev-wall-hazard.h">
      <Filter>Header Files</Filter>
    </ClInclude>
    <ClInclude Include="_source\hazards\mother-turret-hazard.h">
      <Filter>Header Files</Filter>
    </ClInclude>
    <ClInclude Include="_source\levels\dangerous-center-level.h">
      <Filter>Header Files</Filter>
    </ClInclude>
    <ClInclude Include="_source\hazards\ginormous-turret-hazard.h">
      <Filter>Header Files</Filter>
    </ClInclude>
    <ClInclude Include="_source\game-scene-manager.h">
      <Filter>Header Files</Filter>
    </ClInclude>
    <ClInclude Include="_source\game-scene.h">
      <Filter>Header Files</Filter>
    </ClInclude>
    <ClInclude Include="_source\basic-ini-parser.h">
      <Filter>Header Files</Filter>
    </ClInclude>
    <ClInclude Include="_source\powers\dev-backwards-movement-power.h">
      <Filter>Header Files</Filter>
    </ClInclude>
    <ClInclude Include="_source\powers\wall-sparks-power.h">
      <Filter>Header Files</Filter>
    </ClInclude>
    <ClInclude Include="_source\powers\dev-weird-extra-cannons-power.h">
      <Filter>Header Files</Filter>
    </ClInclude>
    <ClInclude Include="_source\custom-level-interpreter.h">
      <Filter>Header Files</Filter>
    </ClInclude>
    <ClInclude Include="_source\level-data-governor.h">
      <Filter>Header Files</Filter>
    </ClInclude>
    <ClInclude Include="_source\powerup-data-governor.h">
      <Filter>Header Files</Filter>
    </ClInclude>
    <ClInclude Include="_source\hazard-data-governor.h">
      <Filter>Header Files</Filter>
    </ClInclude>
    <ClInclude Include="_source\powers\dev-colorless-long-invincible-named-power.h">
      <Filter>Header Files</Filter>
    </ClInclude>
    <ClInclude Include="_source\levels\unnamed-level-3.h">
      <Filter>Header Files</Filter>
    </ClInclude>
    <ClInclude Include="_source\levels\unnamed-level-4.h">
      <Filter>Header Files</Filter>
    </ClInclude>
    <ClInclude Include="_source\mod-processor.h">
      <Filter>Header Files</Filter>
    </ClInclude>
    <ClInclude Include="_source\custom-power-interpreter.h">
      <Filter>Header Files</Filter>
    </ClInclude>
    <ClInclude Include="_source\statistics-handler.h">
      <Filter>Header Files</Filter>
    </ClInclude>
    <ClInclude Include="_source\powers\triple-spread-named-power.h">
      <Filter>Header Files</Filter>
    </ClInclude>
    <ClInclude Include="_source\powers\ring-shooter-power.h">
      <Filter>Header Files</Filter>
    </ClInclude>
    <ClInclude Include="_source\powers\ancient-mega-death-power.h">
      <Filter>Header Files</Filter>
    </ClInclude>
    <ClInclude Include="_source\levels\old-portal-level.h">
      <Filter>Header Files</Filter>
    </ClInclude>
    <ClInclude Include="_source\levels\untraditional-divider-level.h">
      <Filter>Header Files</Filter>
    </ClInclude>
    <ClInclude Include="_source\level-effects\magnetism-level-effect.h">
      <Filter>Header Files</Filter>
    </ClInclude>
    <ClInclude Include="_source\powers\banana-split-power.h">
      <Filter>Header Files</Filter>
    </ClInclude>
    <ClInclude Include="_source\levels\showcase-level-1.h">
      <Filter>Header Files</Filter>
    </ClInclude>
    <ClInclude Include="_source\levels\unnamed-level-6.h">
      <Filter>Header Files</Filter>
    </ClInclude>
    <ClInclude Include="_source\levels\showcase-level-2.h">
      <Filter>Header Files</Filter>
    </ClInclude>
    <ClInclude Include="_source\levels\terrifying-chaos-level.h">
      <Filter>Header Files</Filter>
    </ClInclude>
    <ClInclude Include="_source\powers\edge-sparks-power.h">
      <Filter>Header Files</Filter>
    </ClInclude>
    <ClInclude Include="_source\levels\unnamed-level-9.h">
      <Filter>Header Files</Filter>
    </ClInclude>
    <ClInclude Include="_source\levels\unnamed-level-10.h">
      <Filter>Header Files</Filter>
    </ClInclude>
    <ClInclude Include="_source\levels\unnamed-level-11.h">
      <Filter>Header Files</Filter>
    </ClInclude>
    <ClInclude Include="_source\levels\unnamed-level-12.h">
      <Filter>Header Files</Filter>
    </ClInclude>
    <ClInclude Include="_source\hazards\spiral-lava-hazard.h">
      <Filter>Header Files</Filter>
    </ClInclude>
    <ClInclude Include="_source\levels\developer-level-4.h">
      <Filter>Header Files</Filter>
    </ClInclude>
    <ClInclude Include="_source\hazards\reflecktor-hazard.h">
      <Filter>Header Files</Filter>
    </ClInclude>
    <ClInclude Include="_source\hazards\cloud-hazard.h">
      <Filter>Header Files</Filter>
    </ClInclude>
    <ClInclude Include="_source\levels\old-evened-corridors-level.h">
      <Filter>Header Files</Filter>
    </ClInclude>
    <ClInclude Include="_source\levels\old-few-obstacles-level.h">
      <Filter>Header Files</Filter>
    </ClInclude>
    <ClInclude Include="_source\levels\old-hiding-places-level.h">
      <Filter>Header Files</Filter>
    </ClInclude>
    <ClInclude Include="_source\level-effects\dev-tiny-tanks-level-effect.h">
      <Filter>Header Files</Filter>
    </ClInclude>
    <ClInclude Include="_source\powers\swarm-power.h">
      <Filter>Header Files</Filter>
    </ClInclude>
    <ClInclude Include="_source\powers\trickster-circle-power.h">
      <Filter>Header Files</Filter>
    </ClInclude>
    <ClInclude Include="_source\powers\trickster-snake-power.h">
      <Filter>Header Files</Filter>
    </ClInclude>
    <ClInclude Include="_source\powers\dev-pusher-power.h">
      <Filter>Header Files</Filter>
    </ClInclude>
    <ClInclude Include="_source\hazards\gravity-well-hazard.h">
      <Filter>Header Files</Filter>
    </ClInclude>
    <ClInclude Include="_source\levels\unnamed-level-13.h">
      <Filter>Header Files</Filter>
    </ClInclude>
    <ClInclude Include="_source\powers\dev-movement-restarter-power.h">
      <Filter>Header Files</Filter>
    </ClInclude>
    <ClInclude Include="_source\powers\mine-layer-power.h">
      <Filter>Header Files</Filter>
    </ClInclude>
    <ClInclude Include="_source\powers\the-super-named-power.h">
      <Filter>Header Files</Filter>
    </ClInclude>
    <ClInclude Include="_source\levels\showcase-level-3.h">
      <Filter>Header Files</Filter>
    </ClInclude>
    <ClInclude Include="_source\game-settings.h">
      <Filter>Header Files</Filter>
    </ClInclude>
    <ClInclude Include="_source\aaa_first.h">
      <Filter>Header Files</Filter>
    </ClInclude>
    <ClInclude Include="_source\color-cache.h">
      <Filter>Header Files</Filter>
    </ClInclude>
    <ClInclude Include="_source\window-initializer.h">
      <Filter>Header Files</Filter>
    </ClInclude>
    <ClInclude Include="_source\graphics\opengl-shader.h">
      <Filter>Header Files</Filter>
    </ClInclude>
  </ItemGroup>
</Project>